{
  "version": 4,
  "terraform_version": "1.9.3",
  "serial": 546,
  "lineage": "36dd394a-6fca-4b51-043c-51eb8444fd8d",
  "outputs": {},
  "resources": [
    {
      "module": "module.sqrl-aws-managed-flink-example.module.database",
      "mode": "managed",
      "type": "aws_db_subnet_group",
      "name": "this",
      "provider": "module.sqrl-aws-managed-flink-example.provider[\"registry.terraform.io/hashicorp/aws\"]",
      "instances": [
        {
          "schema_version": 0,
          "attributes": {
            "arn": "arn:aws:rds:us-east-1:286928876767:subgrp:sqrl-datasqrl",
            "description": "Managed by Terraform",
            "id": "sqrl-datasqrl",
            "name": "sqrl-datasqrl",
            "name_prefix": "",
            "subnet_ids": [
              "subnet-0b6a28f7e4bdd08df",
              "subnet-0c1a1f2fbaab5c3ca",
              "subnet-0ec4a64cd6b025b08"
            ],
            "supported_network_types": [
              "IPV4"
            ],
            "tags": {
              "Environment": "prd",
              "IacDeployment": "tf",
              "Project": "datasqrl"
            },
            "tags_all": {
              "Environment": "prd",
              "IacDeployment": "tf",
              "Project": "datasqrl"
            },
            "vpc_id": "vpc-0598d71fbff454725"
          },
          "sensitive_attributes": [],
          "private": "bnVsbA==",
          "dependencies": [
            "module.sqrl-aws-managed-flink-example.module.vpc.aws_subnet.public",
            "module.sqrl-aws-managed-flink-example.module.vpc.aws_vpc.this",
            "module.sqrl-aws-managed-flink-example.module.vpc.aws_vpc_ipv4_cidr_block_association.this"
          ]
        }
      ]
    },
    {
      "module": "module.sqrl-aws-managed-flink-example.module.database",
      "mode": "managed",
      "type": "null_resource",
      "name": "create-tables",
      "provider": "provider[\"registry.terraform.io/hashicorp/null\"]",
      "instances": [
        {
          "index_key": 0,
          "schema_version": 0,
          "attributes": {
            "id": "4242066949120353218",
            "triggers": null
          },
          "sensitive_attributes": [],
          "dependencies": [
            "module.sqrl-aws-managed-flink-example.module.database.aws_db_subnet_group.this",
            "module.sqrl-aws-managed-flink-example.module.database.data.aws_secretsmanager_secret.db_password",
            "module.sqrl-aws-managed-flink-example.module.database.data.aws_secretsmanager_secret_version.current",
            "module.sqrl-aws-managed-flink-example.module.database.module.db.module.db_instance.aws_cloudwatch_log_group.this",
            "module.sqrl-aws-managed-flink-example.module.database.module.db.module.db_instance.aws_db_instance.this",
            "module.sqrl-aws-managed-flink-example.module.database.module.db.module.db_instance.aws_iam_role.enhanced_monitoring",
            "module.sqrl-aws-managed-flink-example.module.database.module.db.module.db_instance.aws_iam_role_policy_attachment.enhanced_monitoring",
            "module.sqrl-aws-managed-flink-example.module.database.module.db.module.db_instance.aws_secretsmanager_secret_rotation.this",
            "module.sqrl-aws-managed-flink-example.module.database.module.db.module.db_instance.data.aws_iam_policy_document.enhanced_monitoring",
            "module.sqrl-aws-managed-flink-example.module.database.module.db.module.db_instance.data.aws_partition.current",
            "module.sqrl-aws-managed-flink-example.module.database.module.db.module.db_instance.random_id.snapshot_identifier",
            "module.sqrl-aws-managed-flink-example.module.database.module.db.module.db_instance_role_association.aws_db_instance_role_association.this",
            "module.sqrl-aws-managed-flink-example.module.database.module.db.module.db_option_group.aws_db_option_group.this",
            "module.sqrl-aws-managed-flink-example.module.database.module.db.module.db_parameter_group.aws_db_parameter_group.this",
            "module.sqrl-aws-managed-flink-example.module.database.module.db.module.db_subnet_group.aws_db_subnet_group.this",
            "module.sqrl-aws-managed-flink-example.module.database.module.db_security_group.aws_security_group.this",
            "module.sqrl-aws-managed-flink-example.module.database.module.db_security_group.aws_security_group.this_name_prefix",
            "module.sqrl-aws-managed-flink-example.module.vpc.aws_subnet.public",
            "module.sqrl-aws-managed-flink-example.module.vpc.aws_vpc.this",
            "module.sqrl-aws-managed-flink-example.module.vpc.aws_vpc_ipv4_cidr_block_association.this"
          ]
        }
      ]
    },
    {
      "module": "module.sqrl-aws-managed-flink-example.module.database.module.db.module.db_instance",
      "mode": "data",
      "type": "aws_iam_policy_document",
      "name": "enhanced_monitoring",
      "provider": "module.sqrl-aws-managed-flink-example.provider[\"registry.terraform.io/hashicorp/aws\"]",
      "instances": [
        {
          "schema_version": 0,
          "attributes": {
            "id": "76086537",
            "json": "{\n  \"Version\": \"2012-10-17\",\n  \"Statement\": [\n    {\n      \"Effect\": \"Allow\",\n      \"Action\": \"sts:AssumeRole\",\n      \"Principal\": {\n        \"Service\": \"monitoring.rds.amazonaws.com\"\n      }\n    }\n  ]\n}",
            "override_json": null,
            "override_policy_documents": null,
            "policy_id": null,
            "source_json": null,
            "source_policy_documents": null,
            "statement": [
              {
                "actions": [
                  "sts:AssumeRole"
                ],
                "condition": [],
                "effect": "Allow",
                "not_actions": [],
                "not_principals": [],
                "not_resources": [],
                "principals": [
                  {
                    "identifiers": [
                      "monitoring.rds.amazonaws.com"
                    ],
                    "type": "Service"
                  }
                ],
                "resources": [],
                "sid": ""
              }
            ],
            "version": "2012-10-17"
          },
          "sensitive_attributes": []
        }
      ]
    },
    {
      "module": "module.sqrl-aws-managed-flink-example.module.database.module.db.module.db_instance",
      "mode": "data",
      "type": "aws_partition",
      "name": "current",
      "provider": "module.sqrl-aws-managed-flink-example.provider[\"registry.terraform.io/hashicorp/aws\"]",
      "instances": [
        {
          "schema_version": 0,
          "attributes": {
            "dns_suffix": "amazonaws.com",
            "id": "aws",
            "partition": "aws",
            "reverse_dns_prefix": "com.amazonaws"
          },
          "sensitive_attributes": []
        }
      ]
    },
    {
      "module": "module.sqrl-aws-managed-flink-example.module.database.module.db.module.db_instance",
      "mode": "managed",
      "type": "aws_db_instance",
      "name": "this",
      "provider": "module.sqrl-aws-managed-flink-example.provider[\"registry.terraform.io/hashicorp/aws\"]",
      "instances": [
        {
          "index_key": 0,
          "schema_version": 2,
          "attributes": {
            "address": "sqrl-datasqrl.ctmcoc8i6am9.us-east-1.rds.amazonaws.com",
            "allocated_storage": 20,
            "allow_major_version_upgrade": false,
            "apply_immediately": true,
            "arn": "arn:aws:rds:us-east-1:286928876767:db:sqrl-datasqrl",
            "auto_minor_version_upgrade": true,
            "availability_zone": "us-east-1b",
            "backup_retention_period": 1,
            "backup_target": "region",
            "backup_window": "03:00-06:00",
            "blue_green_update": [],
            "ca_cert_identifier": "rds-ca-rsa2048-g1",
            "character_set_name": "",
            "copy_tags_to_snapshot": false,
            "custom_iam_instance_profile": "",
            "customer_owned_ip_enabled": false,
            "db_name": "datasqrl",
            "db_subnet_group_name": "sqrl-datasqrl",
            "delete_automated_backups": true,
            "deletion_protection": false,
            "domain": "",
            "domain_auth_secret_arn": "",
            "domain_dns_ips": null,
            "domain_fqdn": "",
            "domain_iam_role_name": "",
            "domain_ou": "",
            "enabled_cloudwatch_logs_exports": null,
            "endpoint": "sqrl-datasqrl.ctmcoc8i6am9.us-east-1.rds.amazonaws.com:5432",
            "engine": "postgres",
            "engine_version": "16",
            "engine_version_actual": "16.3",
            "final_snapshot_identifier": null,
            "hosted_zone_id": "Z2R2ITUGPM61AM",
            "iam_database_authentication_enabled": false,
            "id": "db-5RDM5CLNUVNUZHC3N6GPQKIOMY",
            "identifier": "sqrl-datasqrl",
            "identifier_prefix": "",
            "instance_class": "db.t3.small",
            "iops": 0,
            "kms_key_id": "arn:aws:kms:us-east-1:286928876767:key/959a62f2-0412-46eb-b314-faaf7d606c7c",
            "latest_restorable_time": "2024-08-09T15:44:11Z",
            "license_model": "postgresql-license",
            "listener_endpoint": [],
            "maintenance_window": "mon:00:00-mon:03:00",
            "manage_master_user_password": null,
            "master_user_secret": [],
            "master_user_secret_kms_key_id": null,
            "max_allocated_storage": 30,
            "monitoring_interval": 60,
            "monitoring_role_arn": "arn:aws:iam::286928876767:role/example-monitoring-role-name-20240809153637774300000001",
            "multi_az": false,
            "nchar_character_set_name": "",
            "network_type": "IPV4",
            "option_group_name": "default:postgres-16",
            "parameter_group_name": "sqrl-datasqrl-20240809153637794000000002",
            "password": "simplepass",
            "performance_insights_enabled": false,
            "performance_insights_kms_key_id": "",
            "performance_insights_retention_period": 0,
            "port": 5432,
            "publicly_accessible": true,
            "replica_mode": "",
            "replicas": [],
            "replicate_source_db": "",
            "resource_id": "db-5RDM5CLNUVNUZHC3N6GPQKIOMY",
            "restore_to_point_in_time": [],
            "s3_import": [],
            "skip_final_snapshot": true,
            "snapshot_identifier": null,
            "status": "available",
            "storage_encrypted": true,
            "storage_throughput": 0,
            "storage_type": "gp2",
            "tags": {
              "Environment": "prd",
              "IacDeployment": "tf",
              "Project": "datasqrl"
            },
            "tags_all": {
              "Environment": "prd",
              "IacDeployment": "tf",
              "Project": "datasqrl"
            },
            "timeouts": {
              "create": null,
              "delete": null,
              "update": null
            },
            "timezone": "",
            "username": "postgres",
            "vpc_security_group_ids": [
              "sg-0152e24d67220e3ff"
            ]
          },
          "sensitive_attributes": [
            [
              {
                "type": "get_attr",
                "value": "password"
              }
            ]
          ],
          "private": "eyJlMmJmYjczMC1lY2FhLTExZTYtOGY4OC0zNDM2M2JjN2M0YzAiOnsiY3JlYXRlIjoyNDAwMDAwMDAwMDAwLCJkZWxldGUiOjM2MDAwMDAwMDAwMDAsInVwZGF0ZSI6NDgwMDAwMDAwMDAwMH0sInNjaGVtYV92ZXJzaW9uIjoiMiJ9",
          "dependencies": [
            "module.sqrl-aws-managed-flink-example.module.database.aws_db_subnet_group.this",
            "module.sqrl-aws-managed-flink-example.module.database.module.db.module.db_instance.aws_cloudwatch_log_group.this",
            "module.sqrl-aws-managed-flink-example.module.database.module.db.module.db_instance.aws_iam_role.enhanced_monitoring",
            "module.sqrl-aws-managed-flink-example.module.database.module.db.module.db_instance.data.aws_iam_policy_document.enhanced_monitoring",
            "module.sqrl-aws-managed-flink-example.module.database.module.db.module.db_instance.random_id.snapshot_identifier",
            "module.sqrl-aws-managed-flink-example.module.database.module.db.module.db_option_group.aws_db_option_group.this",
            "module.sqrl-aws-managed-flink-example.module.database.module.db.module.db_parameter_group.aws_db_parameter_group.this",
            "module.sqrl-aws-managed-flink-example.module.database.module.db.module.db_subnet_group.aws_db_subnet_group.this",
            "module.sqrl-aws-managed-flink-example.module.database.module.db_security_group.aws_security_group.this",
            "module.sqrl-aws-managed-flink-example.module.database.module.db_security_group.aws_security_group.this_name_prefix",
            "module.sqrl-aws-managed-flink-example.module.vpc.aws_subnet.public",
            "module.sqrl-aws-managed-flink-example.module.vpc.aws_vpc.this",
            "module.sqrl-aws-managed-flink-example.module.vpc.aws_vpc_ipv4_cidr_block_association.this"
          ]
        }
      ]
    },
    {
      "module": "module.sqrl-aws-managed-flink-example.module.database.module.db.module.db_instance",
      "mode": "managed",
      "type": "aws_iam_role",
      "name": "enhanced_monitoring",
      "provider": "module.sqrl-aws-managed-flink-example.provider[\"registry.terraform.io/hashicorp/aws\"]",
      "instances": [
        {
          "index_key": 0,
          "schema_version": 0,
          "attributes": {
            "arn": "arn:aws:iam::286928876767:role/example-monitoring-role-name-20240809153637774300000001",
            "assume_role_policy": "{\"Statement\":[{\"Action\":\"sts:AssumeRole\",\"Effect\":\"Allow\",\"Principal\":{\"Service\":\"monitoring.rds.amazonaws.com\"}}],\"Version\":\"2012-10-17\"}",
            "create_date": "2024-08-09T15:36:37Z",
            "description": "Description for monitoring role",
            "force_detach_policies": false,
            "id": "example-monitoring-role-name-20240809153637774300000001",
            "inline_policy": [],
            "managed_policy_arns": [],
            "max_session_duration": 3600,
            "name": "example-monitoring-role-name-20240809153637774300000001",
            "name_prefix": "example-monitoring-role-name-",
            "path": "/",
            "permissions_boundary": "",
            "tags": {
              "Environment": "prd",
              "IacDeployment": "tf",
              "Name": "example-monitoring-role-name",
              "Project": "datasqrl"
            },
            "tags_all": {
              "Environment": "prd",
              "IacDeployment": "tf",
              "Name": "example-monitoring-role-name",
              "Project": "datasqrl"
            },
            "unique_id": "AROAUFTSLGTPWH3Y3VDGT"
          },
          "sensitive_attributes": [],
          "private": "bnVsbA==",
          "dependencies": [
            "module.sqrl-aws-managed-flink-example.module.database.module.db.module.db_instance.data.aws_iam_policy_document.enhanced_monitoring"
          ]
        }
      ]
    },
    {
      "module": "module.sqrl-aws-managed-flink-example.module.database.module.db.module.db_instance",
      "mode": "managed",
      "type": "aws_iam_role_policy_attachment",
      "name": "enhanced_monitoring",
      "provider": "module.sqrl-aws-managed-flink-example.provider[\"registry.terraform.io/hashicorp/aws\"]",
      "instances": [
        {
          "index_key": 0,
          "schema_version": 0,
          "attributes": {
            "id": "example-monitoring-role-name-20240809153637774300000001-20240809153638036600000003",
            "policy_arn": "arn:aws:iam::aws:policy/service-role/AmazonRDSEnhancedMonitoringRole",
            "role": "example-monitoring-role-name-20240809153637774300000001"
          },
          "sensitive_attributes": [],
          "private": "bnVsbA==",
          "dependencies": [
            "module.sqrl-aws-managed-flink-example.module.database.module.db.module.db_instance.aws_iam_role.enhanced_monitoring",
            "module.sqrl-aws-managed-flink-example.module.database.module.db.module.db_instance.data.aws_iam_policy_document.enhanced_monitoring",
            "module.sqrl-aws-managed-flink-example.module.database.module.db.module.db_instance.data.aws_partition.current"
          ]
        }
      ]
    },
    {
      "module": "module.sqrl-aws-managed-flink-example.module.database.module.db.module.db_parameter_group",
      "mode": "managed",
      "type": "aws_db_parameter_group",
      "name": "this",
      "provider": "module.sqrl-aws-managed-flink-example.provider[\"registry.terraform.io/hashicorp/aws\"]",
      "instances": [
        {
          "index_key": 0,
          "schema_version": 0,
          "attributes": {
            "arn": "arn:aws:rds:us-east-1:286928876767:pg:sqrl-datasqrl-20240809153637794000000002",
            "description": "sqrl-datasqrl parameter group",
            "family": "postgres16",
            "id": "sqrl-datasqrl-20240809153637794000000002",
            "name": "sqrl-datasqrl-20240809153637794000000002",
            "name_prefix": "sqrl-datasqrl-",
            "parameter": [
              {
                "apply_method": "immediate",
                "name": "autovacuum",
                "value": "1"
              },
              {
                "apply_method": "immediate",
                "name": "client_encoding",
                "value": "utf8"
              }
            ],
            "tags": {
              "Environment": "prd",
              "IacDeployment": "tf",
              "Name": "sqrl-datasqrl",
              "Project": "datasqrl",
              "Sensitive": "low"
            },
            "tags_all": {
              "Environment": "prd",
              "IacDeployment": "tf",
              "Name": "sqrl-datasqrl",
              "Project": "datasqrl",
              "Sensitive": "low"
            }
          },
          "sensitive_attributes": [],
          "private": "bnVsbA==",
          "create_before_destroy": true
        }
      ]
    },
    {
      "module": "module.sqrl-aws-managed-flink-example.module.database.module.db_security_group",
      "mode": "managed",
      "type": "aws_security_group",
      "name": "this_name_prefix",
      "provider": "module.sqrl-aws-managed-flink-example.provider[\"registry.terraform.io/hashicorp/aws\"]",
      "instances": [
        {
          "index_key": 0,
          "schema_version": 1,
          "attributes": {
            "arn": "arn:aws:ec2:us-east-1:286928876767:security-group/sg-0152e24d67220e3ff",
            "description": "PostgreSQL security group",
            "egress": [],
            "id": "sg-0152e24d67220e3ff",
            "ingress": [],
            "name": "sqrl-datasqrl-2024080915365020330000000e",
            "name_prefix": "sqrl-datasqrl-",
            "owner_id": "286928876767",
            "revoke_rules_on_delete": false,
            "tags": {
              "Environment": "prd",
              "IacDeployment": "tf",
              "Name": "sqrl-datasqrl",
              "Project": "datasqrl"
            },
            "tags_all": {
              "Environment": "prd",
              "IacDeployment": "tf",
              "Name": "sqrl-datasqrl",
              "Project": "datasqrl"
            },
            "timeouts": {
              "create": "10m",
              "delete": "15m"
            },
            "vpc_id": "vpc-0598d71fbff454725"
          },
          "sensitive_attributes": [],
          "private": "eyJlMmJmYjczMC1lY2FhLTExZTYtOGY4OC0zNDM2M2JjN2M0YzAiOnsiY3JlYXRlIjo2MDAwMDAwMDAwMDAsImRlbGV0ZSI6OTAwMDAwMDAwMDAwfSwic2NoZW1hX3ZlcnNpb24iOiIxIn0=",
          "dependencies": [
            "module.sqrl-aws-managed-flink-example.module.vpc.aws_vpc.this"
          ],
          "create_before_destroy": true
        }
      ]
    },
    {
      "module": "module.sqrl-aws-managed-flink-example.module.database.module.db_security_group",
      "mode": "managed",
      "type": "aws_security_group_rule",
      "name": "egress_with_cidr_blocks",
      "provider": "module.sqrl-aws-managed-flink-example.provider[\"registry.terraform.io/hashicorp/aws\"]",
      "instances": [
        {
          "index_key": 0,
          "schema_version": 2,
          "attributes": {
            "cidr_blocks": [
              "0.0.0.0/0"
            ],
            "description": "Egress Rule",
            "from_port": 0,
            "id": "sgrule-2116484910",
            "ipv6_cidr_blocks": null,
            "prefix_list_ids": [],
            "protocol": "-1",
            "security_group_id": "sg-0152e24d67220e3ff",
            "security_group_rule_id": "sgr-09c5558acc96f51d7",
            "self": false,
            "source_security_group_id": null,
            "timeouts": null,
            "to_port": 0,
            "type": "egress"
          },
          "sensitive_attributes": [],
          "private": "eyJlMmJmYjczMC1lY2FhLTExZTYtOGY4OC0zNDM2M2JjN2M0YzAiOnsiY3JlYXRlIjozMDAwMDAwMDAwMDB9LCJzY2hlbWFfdmVyc2lvbiI6IjIifQ==",
          "dependencies": [
            "module.sqrl-aws-managed-flink-example.module.database.module.db_security_group.aws_security_group.this",
            "module.sqrl-aws-managed-flink-example.module.database.module.db_security_group.aws_security_group.this_name_prefix",
            "module.sqrl-aws-managed-flink-example.module.vpc.aws_vpc.this"
          ]
        }
      ]
    },
    {
      "module": "module.sqrl-aws-managed-flink-example.module.database.module.db_security_group",
      "mode": "managed",
      "type": "aws_security_group_rule",
      "name": "ingress_with_cidr_blocks",
      "provider": "module.sqrl-aws-managed-flink-example.provider[\"registry.terraform.io/hashicorp/aws\"]",
      "instances": [
        {
          "index_key": 0,
          "schema_version": 2,
          "attributes": {
            "cidr_blocks": [
              "0.0.0.0/0"
            ],
            "description": "PostgreSQL access from Anywhere",
            "from_port": 5432,
            "id": "sgrule-455127511",
            "ipv6_cidr_blocks": null,
            "prefix_list_ids": [],
            "protocol": "tcp",
            "security_group_id": "sg-0152e24d67220e3ff",
            "security_group_rule_id": "sgr-096bf0543c3e2de09",
            "self": false,
            "source_security_group_id": null,
            "timeouts": null,
            "to_port": 5432,
            "type": "ingress"
          },
          "sensitive_attributes": [],
          "private": "eyJlMmJmYjczMC1lY2FhLTExZTYtOGY4OC0zNDM2M2JjN2M0YzAiOnsiY3JlYXRlIjozMDAwMDAwMDAwMDB9LCJzY2hlbWFfdmVyc2lvbiI6IjIifQ==",
          "dependencies": [
            "module.sqrl-aws-managed-flink-example.module.database.module.db_security_group.aws_security_group.this",
            "module.sqrl-aws-managed-flink-example.module.database.module.db_security_group.aws_security_group.this_name_prefix",
            "module.sqrl-aws-managed-flink-example.module.vpc.aws_vpc.this"
          ]
        }
      ]
    },
    {
      "module": "module.sqrl-aws-managed-flink-example.module.deployment-bucket",
      "mode": "managed",
      "type": "aws_s3_bucket",
      "name": "this",
      "provider": "module.sqrl-aws-managed-flink-example.provider[\"registry.terraform.io/hashicorp/aws\"]",
      "instances": [
        {
          "schema_version": 0,
          "attributes": {
            "acceleration_status": "",
            "acl": null,
            "arn": "arn:aws:s3:::sqrl-deployment-3f9cbd4b45e67161",
            "bucket": "sqrl-deployment-3f9cbd4b45e67161",
            "bucket_domain_name": "sqrl-deployment-3f9cbd4b45e67161.s3.amazonaws.com",
            "bucket_prefix": "",
            "bucket_regional_domain_name": "sqrl-deployment-3f9cbd4b45e67161.s3.us-east-1.amazonaws.com",
            "cors_rule": [],
            "force_destroy": false,
            "grant": [
              {
                "id": "8b2d14cf4d084fcb86e5a595d21e1fbd5ecb84771d4074ef248ae867e42da96c",
                "permissions": [
                  "FULL_CONTROL"
                ],
                "type": "CanonicalUser",
                "uri": ""
              }
            ],
            "hosted_zone_id": "Z3AQBSTGFYJSTF",
            "id": "sqrl-deployment-3f9cbd4b45e67161",
            "lifecycle_rule": [],
            "logging": [],
            "object_lock_configuration": [],
            "object_lock_enabled": false,
            "policy": "",
            "region": "us-east-1",
            "replication_configuration": [],
            "request_payer": "BucketOwner",
            "server_side_encryption_configuration": [
              {
                "rule": [
                  {
                    "apply_server_side_encryption_by_default": [
                      {
                        "kms_master_key_id": "",
                        "sse_algorithm": "AES256"
                      }
                    ],
                    "bucket_key_enabled": false
                  }
                ]
              }
            ],
            "tags": {
              "Environment": "prd",
              "IacDeployment": "tf",
              "Project": "datasqrl"
            },
            "tags_all": {
              "Environment": "prd",
              "IacDeployment": "tf",
              "Project": "datasqrl"
            },
            "timeouts": null,
            "versioning": [
              {
                "enabled": false,
                "mfa_delete": false
              }
            ],
            "website": [],
            "website_domain": null,
            "website_endpoint": null
          },
          "sensitive_attributes": [],
          "private": "eyJlMmJmYjczMC1lY2FhLTExZTYtOGY4OC0zNDM2M2JjN2M0YzAiOnsiY3JlYXRlIjoxMjAwMDAwMDAwMDAwLCJkZWxldGUiOjM2MDAwMDAwMDAwMDAsInJlYWQiOjEyMDAwMDAwMDAwMDAsInVwZGF0ZSI6MTIwMDAwMDAwMDAwMH19",
          "dependencies": [
            "module.sqrl-aws-managed-flink-example.module.deployment-bucket.random_id.bucket_name_suffix"
          ]
        }
      ]
    },
    {
      "module": "module.sqrl-aws-managed-flink-example.module.deployment-bucket",
      "mode": "managed",
      "type": "aws_s3_bucket_acl",
      "name": "this",
      "provider": "module.sqrl-aws-managed-flink-example.provider[\"registry.terraform.io/hashicorp/aws\"]",
      "instances": [
        {
          "schema_version": 0,
          "attributes": {
            "access_control_policy": [
              {
                "grant": [
                  {
                    "grantee": [
                      {
                        "display_name": "daniel",
                        "email_address": "",
                        "id": "8b2d14cf4d084fcb86e5a595d21e1fbd5ecb84771d4074ef248ae867e42da96c",
                        "type": "CanonicalUser",
                        "uri": ""
                      }
                    ],
                    "permission": "FULL_CONTROL"
                  }
                ],
                "owner": [
                  {
                    "display_name": "daniel",
                    "id": "8b2d14cf4d084fcb86e5a595d21e1fbd5ecb84771d4074ef248ae867e42da96c"
                  }
                ]
              }
            ],
            "acl": "private",
            "bucket": "sqrl-deployment-3f9cbd4b45e67161",
            "expected_bucket_owner": "",
            "id": "sqrl-deployment-3f9cbd4b45e67161,private"
          },
          "sensitive_attributes": [],
          "private": "bnVsbA==",
          "dependencies": [
            "module.sqrl-aws-managed-flink-example.module.deployment-bucket.aws_s3_bucket.this",
            "module.sqrl-aws-managed-flink-example.module.deployment-bucket.aws_s3_bucket_ownership_controls.this",
            "module.sqrl-aws-managed-flink-example.module.deployment-bucket.random_id.bucket_name_suffix"
          ]
        }
      ]
    },
    {
      "module": "module.sqrl-aws-managed-flink-example.module.deployment-bucket",
      "mode": "managed",
      "type": "aws_s3_bucket_ownership_controls",
      "name": "this",
      "provider": "module.sqrl-aws-managed-flink-example.provider[\"registry.terraform.io/hashicorp/aws\"]",
      "instances": [
        {
          "schema_version": 0,
          "attributes": {
            "bucket": "sqrl-deployment-3f9cbd4b45e67161",
            "id": "sqrl-deployment-3f9cbd4b45e67161",
            "rule": [
              {
                "object_ownership": "BucketOwnerPreferred"
              }
            ]
          },
          "sensitive_attributes": [],
          "private": "bnVsbA==",
          "dependencies": [
            "module.sqrl-aws-managed-flink-example.module.deployment-bucket.aws_s3_bucket.this",
            "module.sqrl-aws-managed-flink-example.module.deployment-bucket.random_id.bucket_name_suffix"
          ]
        }
      ]
    },
    {
      "module": "module.sqrl-aws-managed-flink-example.module.deployment-bucket",
      "mode": "managed",
      "type": "aws_s3_bucket_versioning",
      "name": "this",
      "provider": "module.sqrl-aws-managed-flink-example.provider[\"registry.terraform.io/hashicorp/aws\"]",
      "instances": [
        {
          "schema_version": 0,
          "attributes": {
            "bucket": "sqrl-deployment-3f9cbd4b45e67161",
            "expected_bucket_owner": "",
            "id": "sqrl-deployment-3f9cbd4b45e67161",
            "mfa": null,
            "versioning_configuration": [
              {
                "mfa_delete": "",
                "status": "Enabled"
              }
            ]
          },
          "sensitive_attributes": [],
          "private": "bnVsbA==",
          "dependencies": [
            "module.sqrl-aws-managed-flink-example.module.deployment-bucket.aws_s3_bucket.this",
            "module.sqrl-aws-managed-flink-example.module.deployment-bucket.random_id.bucket_name_suffix"
          ]
        }
      ]
    },
    {
      "module": "module.sqrl-aws-managed-flink-example.module.deployment-bucket",
      "mode": "managed",
      "type": "random_id",
      "name": "bucket_name_suffix",
      "provider": "provider[\"registry.terraform.io/hashicorp/random\"]",
      "instances": [
        {
          "schema_version": 0,
          "attributes": {
            "b64_std": "P5y9S0XmcWE=",
            "b64_url": "P5y9S0XmcWE",
            "byte_length": 8,
            "dec": "4583746651749249377",
            "hex": "3f9cbd4b45e67161",
            "id": "P5y9S0XmcWE",
            "keepers": null,
            "prefix": null
          },
          "sensitive_attributes": []
        }
      ]
    },
    {
      "module": "module.sqrl-aws-managed-flink-example.module.flink",
      "mode": "data",
      "type": "aws_iam_policy_document",
      "name": "access_policy_document",
      "provider": "module.sqrl-aws-managed-flink-example.provider[\"registry.terraform.io/hashicorp/aws\"]",
      "instances": [
        {
          "schema_version": 0,
          "attributes": {
            "id": "1796653134",
            "json": "{\n  \"Version\": \"2012-10-17\",\n  \"Statement\": [\n    {\n      \"Sid\": \"AllowFectchArtifacts\",\n      \"Effect\": \"Allow\",\n      \"Action\": \"s3:*\",\n      \"Resource\": [\n        \"arn:aws:s3:::sqrl-deployment-3f9cbd4b45e67161/*\",\n        \"arn:aws:s3:::sqrl-deployment-3f9cbd4b45e67161\"\n      ]\n    },\n    {\n      \"Sid\": \"AllowDataBucket\",\n      \"Effect\": \"Allow\",\n      \"Action\": \"s3:*\",\n      \"Resource\": \"*\"\n    },\n    {\n      \"Sid\": \"VPCReadOnlyPermissions\",\n      \"Effect\": \"Allow\",\n      \"Action\": [\n        \"ec2:DescribeVpcs\",\n        \"ec2:DescribeSubnets\",\n        \"ec2:DescribeSecurityGroups\",\n        \"ec2:DescribeDhcpOptions\"\n      ],\n      \"Resource\": \"*\"\n    },\n    {\n      \"Sid\": \"ENIReadWritePermissions\",\n      \"Effect\": \"Allow\",\n      \"Action\": [\n        \"ec2:DescribeNetworkInterfaces\",\n        \"ec2:DeleteNetworkInterface\",\n        \"ec2:CreateNetworkInterfacePermission\",\n        \"ec2:CreateNetworkInterface\"\n      ],\n      \"Resource\": \"*\"\n    },\n    {\n      \"Sid\": \"AllowLoggingToCloudwatch\",\n      \"Effect\": \"Allow\",\n      \"Action\": [\n        \"logs:PutLogEvents\",\n        \"logs:GetLogEvents\",\n        \"logs:FilterLogEvents\",\n        \"logs:DescribeLogStreams\",\n        \"logs:DescribeLogGroups\",\n        \"logs:CreateLogStream\",\n        \"logs:CreateLogGroup\",\n        \"cloudwatch:*\"\n      ],\n      \"Resource\": \"*\"\n    },\n    {\n      \"Sid\": \"AllowKinesis\",\n      \"Effect\": \"Allow\",\n      \"Action\": \"kinesis:*\",\n      \"Resource\": \"*\"\n    }\n  ]\n}",
            "override_json": null,
            "override_policy_documents": null,
            "policy_id": null,
            "source_json": null,
            "source_policy_documents": null,
            "statement": [
              {
                "actions": [
                  "s3:*"
                ],
                "condition": [],
                "effect": "Allow",
                "not_actions": [],
                "not_principals": [],
                "not_resources": [],
                "principals": [],
                "resources": [
                  "arn:aws:s3:::sqrl-deployment-3f9cbd4b45e67161",
                  "arn:aws:s3:::sqrl-deployment-3f9cbd4b45e67161/*"
                ],
                "sid": "AllowFectchArtifacts"
              },
              {
                "actions": [
                  "s3:*"
                ],
                "condition": [],
                "effect": "Allow",
                "not_actions": [],
                "not_principals": [],
                "not_resources": [],
                "principals": [],
                "resources": [
                  "*"
                ],
                "sid": "AllowDataBucket"
              },
              {
                "actions": [
                  "ec2:DescribeDhcpOptions",
                  "ec2:DescribeSecurityGroups",
                  "ec2:DescribeSubnets",
                  "ec2:DescribeVpcs"
                ],
                "condition": [],
                "effect": "Allow",
                "not_actions": [],
                "not_principals": [],
                "not_resources": [],
                "principals": [],
                "resources": [
                  "*"
                ],
                "sid": "VPCReadOnlyPermissions"
              },
              {
                "actions": [
                  "ec2:CreateNetworkInterface",
                  "ec2:CreateNetworkInterfacePermission",
                  "ec2:DeleteNetworkInterface",
                  "ec2:DescribeNetworkInterfaces"
                ],
                "condition": [],
                "effect": "Allow",
                "not_actions": [],
                "not_principals": [],
                "not_resources": [],
                "principals": [],
                "resources": [
                  "*"
                ],
                "sid": "ENIReadWritePermissions"
              },
              {
                "actions": [
                  "cloudwatch:*",
                  "logs:CreateLogGroup",
                  "logs:CreateLogStream",
                  "logs:DescribeLogGroups",
                  "logs:DescribeLogStreams",
                  "logs:FilterLogEvents",
                  "logs:GetLogEvents",
                  "logs:PutLogEvents"
                ],
                "condition": [],
                "effect": "Allow",
                "not_actions": [],
                "not_principals": [],
                "not_resources": [],
                "principals": [],
                "resources": [
                  "*"
                ],
                "sid": "AllowLoggingToCloudwatch"
              },
              {
                "actions": [
                  "kinesis:*"
                ],
                "condition": [],
                "effect": "Allow",
                "not_actions": [],
                "not_principals": [],
                "not_resources": [],
                "principals": [],
                "resources": [
                  "*"
                ],
                "sid": "AllowKinesis"
              }
            ],
            "version": "2012-10-17"
          },
          "sensitive_attributes": []
        }
      ]
    },
    {
      "module": "module.sqrl-aws-managed-flink-example.module.flink",
      "mode": "data",
      "type": "aws_s3_bucket",
      "name": "deployment",
      "provider": "module.sqrl-aws-managed-flink-example.provider[\"registry.terraform.io/hashicorp/aws\"]",
      "instances": [
        {
          "schema_version": 0,
          "attributes": {
            "arn": "arn:aws:s3:::sqrl-deployment-3f9cbd4b45e67161",
            "bucket": "sqrl-deployment-3f9cbd4b45e67161",
            "bucket_domain_name": "sqrl-deployment-3f9cbd4b45e67161.s3.amazonaws.com",
            "bucket_regional_domain_name": "sqrl-deployment-3f9cbd4b45e67161.s3.us-east-1.amazonaws.com",
            "hosted_zone_id": "Z3AQBSTGFYJSTF",
            "id": "sqrl-deployment-3f9cbd4b45e67161",
            "region": "us-east-1",
            "website_domain": null,
            "website_endpoint": null
          },
          "sensitive_attributes": []
        }
      ]
    },
    {
      "module": "module.sqrl-aws-managed-flink-example.module.flink",
      "mode": "managed",
      "type": "aws_cloudwatch_log_group",
      "name": "this",
      "provider": "module.sqrl-aws-managed-flink-example.provider[\"registry.terraform.io/hashicorp/aws\"]",
      "instances": [
        {
          "schema_version": 0,
          "attributes": {
            "arn": "arn:aws:logs:us-east-1:286928876767:log-group:/aws/kinesis-analytics/sqrl/example",
            "id": "/aws/kinesis-analytics/sqrl/example",
            "kms_key_id": "",
            "log_group_class": "STANDARD",
            "name": "/aws/kinesis-analytics/sqrl/example",
            "name_prefix": "",
            "retention_in_days": 0,
            "skip_destroy": false,
            "tags": null,
            "tags_all": {}
          },
          "sensitive_attributes": [],
          "private": "bnVsbA=="
        }
      ]
    },
    {
      "module": "module.sqrl-aws-managed-flink-example.module.flink",
      "mode": "managed",
      "type": "aws_cloudwatch_log_stream",
      "name": "main",
      "provider": "module.sqrl-aws-managed-flink-example.provider[\"registry.terraform.io/hashicorp/aws\"]",
      "instances": [
        {
          "schema_version": 0,
          "attributes": {
            "arn": "arn:aws:logs:us-east-1:286928876767:log-group:/aws/kinesis-analytics/sqrl/example:log-stream:example",
            "id": "example",
            "log_group_name": "/aws/kinesis-analytics/sqrl/example",
            "name": "example"
          },
          "sensitive_attributes": [],
          "private": "bnVsbA==",
          "dependencies": [
            "module.sqrl-aws-managed-flink-example.module.flink.aws_cloudwatch_log_group.this"
          ]
        }
      ]
    },
    {
      "module": "module.sqrl-aws-managed-flink-example.module.flink",
      "mode": "managed",
      "type": "aws_iam_policy",
      "name": "access_policy",
      "provider": "module.sqrl-aws-managed-flink-example.provider[\"registry.terraform.io/hashicorp/aws\"]",
      "instances": [
        {
          "schema_version": 0,
          "attributes": {
            "arn": "arn:aws:iam::286928876767:policy/sqrl-s3-access-policy",
            "description": "Allows access to specific S3 bucket",
            "id": "arn:aws:iam::286928876767:policy/sqrl-s3-access-policy",
            "name": "sqrl-s3-access-policy",
            "name_prefix": "",
            "path": "/",
            "policy": "{\"Statement\":[{\"Action\":\"s3:*\",\"Effect\":\"Allow\",\"Resource\":[\"arn:aws:s3:::sqrl-deployment-3f9cbd4b45e67161/*\",\"arn:aws:s3:::sqrl-deployment-3f9cbd4b45e67161\"],\"Sid\":\"AllowFectchArtifacts\"},{\"Action\":\"s3:*\",\"Effect\":\"Allow\",\"Resource\":\"*\",\"Sid\":\"AllowDataBucket\"},{\"Action\":[\"ec2:DescribeVpcs\",\"ec2:DescribeSubnets\",\"ec2:DescribeSecurityGroups\",\"ec2:DescribeDhcpOptions\"],\"Effect\":\"Allow\",\"Resource\":\"*\",\"Sid\":\"VPCReadOnlyPermissions\"},{\"Action\":[\"ec2:DescribeNetworkInterfaces\",\"ec2:DeleteNetworkInterface\",\"ec2:CreateNetworkInterfacePermission\",\"ec2:CreateNetworkInterface\"],\"Effect\":\"Allow\",\"Resource\":\"*\",\"Sid\":\"ENIReadWritePermissions\"},{\"Action\":[\"logs:PutLogEvents\",\"logs:GetLogEvents\",\"logs:FilterLogEvents\",\"logs:DescribeLogStreams\",\"logs:DescribeLogGroups\",\"logs:CreateLogStream\",\"logs:CreateLogGroup\",\"cloudwatch:*\"],\"Effect\":\"Allow\",\"Resource\":\"*\",\"Sid\":\"AllowLoggingToCloudwatch\"},{\"Action\":\"kinesis:*\",\"Effect\":\"Allow\",\"Resource\":\"*\",\"Sid\":\"AllowKinesis\"}],\"Version\":\"2012-10-17\"}",
            "policy_id": "ANPAUFTSLGTP7TKPY6DL7",
            "tags": null,
            "tags_all": {}
          },
          "sensitive_attributes": [],
          "private": "bnVsbA==",
          "dependencies": [
            "module.sqrl-aws-managed-flink-example.module.deployment-bucket.aws_s3_bucket.this",
            "module.sqrl-aws-managed-flink-example.module.deployment-bucket.random_id.bucket_name_suffix",
            "module.sqrl-aws-managed-flink-example.module.flink.data.aws_iam_policy_document.access_policy_document",
            "module.sqrl-aws-managed-flink-example.module.flink.data.aws_s3_bucket.deployment"
          ]
        }
      ]
    },
    {
      "module": "module.sqrl-aws-managed-flink-example.module.flink",
      "mode": "managed",
      "type": "aws_iam_policy_attachment",
      "name": "kinesis_analytics_execution_role_attachment",
      "provider": "module.sqrl-aws-managed-flink-example.provider[\"registry.terraform.io/hashicorp/aws\"]",
      "instances": [
        {
          "schema_version": 0,
          "attributes": {
            "groups": null,
            "id": "sqrl-kinesis-analytics-execution-policy-attachment",
            "name": "sqrl-kinesis-analytics-execution-policy-attachment",
            "policy_arn": "arn:aws:iam::aws:policy/AmazonKinesisAnalyticsFullAccess",
            "roles": [
              "sqrl-kinesis-analytics-execution-role"
            ],
            "users": null
          },
          "sensitive_attributes": [],
          "private": "bnVsbA==",
          "dependencies": [
            "module.sqrl-aws-managed-flink-example.module.flink.aws_iam_role.kinesis_analytics_execution_role"
          ]
        }
      ]
    },
    {
      "module": "module.sqrl-aws-managed-flink-example.module.flink",
      "mode": "managed",
      "type": "aws_iam_role",
      "name": "kinesis_analytics_execution_role",
      "provider": "module.sqrl-aws-managed-flink-example.provider[\"registry.terraform.io/hashicorp/aws\"]",
      "instances": [
        {
          "schema_version": 0,
          "attributes": {
            "arn": "arn:aws:iam::286928876767:role/sqrl-kinesis-analytics-execution-role",
            "assume_role_policy": "{\"Statement\":[{\"Action\":\"sts:AssumeRole\",\"Effect\":\"Allow\",\"Principal\":{\"Service\":\"kinesisanalytics.amazonaws.com\"}}],\"Version\":\"2012-10-17\"}",
            "create_date": "2024-08-09T15:36:37Z",
            "description": "",
            "force_detach_policies": false,
            "id": "sqrl-kinesis-analytics-execution-role",
            "inline_policy": [],
            "managed_policy_arns": [],
            "max_session_duration": 3600,
            "name": "sqrl-kinesis-analytics-execution-role",
            "name_prefix": "",
            "path": "/",
            "permissions_boundary": "",
            "tags": null,
            "tags_all": {},
            "unique_id": "AROAUFTSLGTP3T2H364FG"
          },
          "sensitive_attributes": [],
          "private": "bnVsbA=="
        }
      ]
    },
    {
      "module": "module.sqrl-aws-managed-flink-example.module.flink",
      "mode": "managed",
      "type": "aws_iam_role_policy_attachment",
      "name": "s3_access_attachment",
      "provider": "module.sqrl-aws-managed-flink-example.provider[\"registry.terraform.io/hashicorp/aws\"]",
      "instances": [
        {
          "schema_version": 0,
          "attributes": {
            "id": "sqrl-kinesis-analytics-execution-role-20240809153638644800000006",
            "policy_arn": "arn:aws:iam::286928876767:policy/sqrl-s3-access-policy",
            "role": "sqrl-kinesis-analytics-execution-role"
          },
          "sensitive_attributes": [],
          "private": "bnVsbA==",
          "dependencies": [
            "module.sqrl-aws-managed-flink-example.module.deployment-bucket.aws_s3_bucket.this",
            "module.sqrl-aws-managed-flink-example.module.deployment-bucket.random_id.bucket_name_suffix",
            "module.sqrl-aws-managed-flink-example.module.flink.aws_iam_policy.access_policy",
            "module.sqrl-aws-managed-flink-example.module.flink.aws_iam_role.kinesis_analytics_execution_role",
            "module.sqrl-aws-managed-flink-example.module.flink.data.aws_iam_policy_document.access_policy_document",
            "module.sqrl-aws-managed-flink-example.module.flink.data.aws_s3_bucket.deployment"
          ]
        }
      ]
    },
    {
      "module": "module.sqrl-aws-managed-flink-example.module.flink",
      "mode": "managed",
      "type": "aws_kinesisanalyticsv2_application",
      "name": "main",
      "provider": "module.sqrl-aws-managed-flink-example.provider[\"registry.terraform.io/hashicorp/aws\"]",
      "instances": [
        {
          "schema_version": 0,
          "attributes": {
            "application_configuration": [
              {
                "application_code_configuration": [
                  {
                    "code_content": [
                      {
                        "s3_content_location": [
                          {
                            "bucket_arn": "arn:aws:s3:::sqrl-deployment-3f9cbd4b45e67161",
                            "file_key": "example.jar",
                            "object_version": ""
                          }
                        ],
                        "text_content": ""
                      }
                    ],
                    "code_content_type": "ZIPFILE"
                  }
                ],
                "application_snapshot_configuration": [
                  {
                    "snapshots_enabled": false
                  }
                ],
                "environment_properties": [
                  {
                    "property_group": [
                      {
                        "property_group_id": "FlinkApplicationProperties",
                        "property_map": {
                          "JDBC_PASSWORD": "simplepass",
                          "JDBC_URL": "jdbc:postgresql://sqrl-datasqrl.ctmcoc8i6am9.us-east-1.rds.amazonaws.com:5432/datasqrl",
                          "JDBC_USERNAME": "postgres",
                          "S3_DATA_BUCKET": "sqrl-examples-data-bucket"
                        }
                      }
                    ]
                  }
                ],
                "flink_application_configuration": [
                  {
                    "checkpoint_configuration": [
                      {
                        "checkpoint_interval": 60000,
                        "checkpointing_enabled": false,
                        "configuration_type": "CUSTOM",
                        "min_pause_between_checkpoints": 5000
                      }
                    ],
                    "monitoring_configuration": [
                      {
                        "configuration_type": "CUSTOM",
                        "log_level": "ERROR",
                        "metrics_level": "APPLICATION"
                      }
                    ],
                    "parallelism_configuration": [
                      {
                        "auto_scaling_enabled": false,
                        "configuration_type": "CUSTOM",
                        "parallelism": 6,
                        "parallelism_per_kpu": 3
                      }
                    ]
                  }
                ],
                "run_configuration": [
                  {
                    "application_restore_configuration": [
                      {
                        "application_restore_type": "RESTORE_FROM_LATEST_SNAPSHOT",
                        "snapshot_name": ""
                      }
                    ],
                    "flink_run_configuration": [
                      {
                        "allow_non_restored_state": false
                      }
                    ]
                  }
                ],
                "sql_application_configuration": [],
                "vpc_configuration": []
              }
            ],
            "arn": "arn:aws:kinesisanalytics:us-east-1:286928876767:application/sqrl-example",
            "cloudwatch_logging_options": [
              {
                "cloudwatch_logging_option_id": "1.1",
                "log_stream_arn": "arn:aws:logs:us-east-1:286928876767:log-group:/aws/kinesis-analytics/sqrl/example:log-stream:example"
              }
            ],
            "create_timestamp": "2024-08-09T15:48:45Z",
            "description": "",
            "force_stop": true,
            "id": "arn:aws:kinesisanalytics:us-east-1:286928876767:application/sqrl-example",
            "last_update_timestamp": "2024-08-09T15:51:13Z",
            "name": "sqrl-example",
            "runtime_environment": "FLINK-1_18",
            "service_execution_role": "arn:aws:iam::286928876767:role/sqrl-kinesis-analytics-execution-role",
            "start_application": true,
            "status": "RUNNING",
            "tags": null,
            "tags_all": {},
            "timeouts": null,
            "version_id": 1
          },
          "sensitive_attributes": [],
          "private": "eyJlMmJmYjczMC1lY2FhLTExZTYtOGY4OC0zNDM2M2JjN2M0YzAiOnsiY3JlYXRlIjo2MDAwMDAwMDAwMDAsImRlbGV0ZSI6NjAwMDAwMDAwMDAwLCJ1cGRhdGUiOjYwMDAwMDAwMDAwMH19",
          "dependencies": [
            "module.sqrl-aws-managed-flink-example.module.database.aws_db_subnet_group.this",
            "module.sqrl-aws-managed-flink-example.module.database.data.aws_secretsmanager_secret.db_password",
            "module.sqrl-aws-managed-flink-example.module.database.data.aws_secretsmanager_secret_version.current",
            "module.sqrl-aws-managed-flink-example.module.database.module.db.module.db_instance.aws_cloudwatch_log_group.this",
            "module.sqrl-aws-managed-flink-example.module.database.module.db.module.db_instance.aws_db_instance.this",
            "module.sqrl-aws-managed-flink-example.module.database.module.db.module.db_instance.aws_iam_role.enhanced_monitoring",
            "module.sqrl-aws-managed-flink-example.module.database.module.db.module.db_instance.data.aws_iam_policy_document.enhanced_monitoring",
            "module.sqrl-aws-managed-flink-example.module.database.module.db.module.db_instance.random_id.snapshot_identifier",
            "module.sqrl-aws-managed-flink-example.module.database.module.db.module.db_option_group.aws_db_option_group.this",
            "module.sqrl-aws-managed-flink-example.module.database.module.db.module.db_parameter_group.aws_db_parameter_group.this",
            "module.sqrl-aws-managed-flink-example.module.database.module.db.module.db_subnet_group.aws_db_subnet_group.this",
            "module.sqrl-aws-managed-flink-example.module.database.module.db_security_group.aws_security_group.this",
            "module.sqrl-aws-managed-flink-example.module.database.module.db_security_group.aws_security_group.this_name_prefix",
            "module.sqrl-aws-managed-flink-example.module.deployment-bucket.aws_s3_bucket.this",
            "module.sqrl-aws-managed-flink-example.module.deployment-bucket.random_id.bucket_name_suffix",
            "module.sqrl-aws-managed-flink-example.module.flink.aws_cloudwatch_log_group.this",
            "module.sqrl-aws-managed-flink-example.module.flink.aws_cloudwatch_log_stream.main",
            "module.sqrl-aws-managed-flink-example.module.flink.aws_iam_role.kinesis_analytics_execution_role",
            "module.sqrl-aws-managed-flink-example.module.flink.aws_s3_object.application_jar",
            "module.sqrl-aws-managed-flink-example.module.flink.data.aws_s3_bucket.deployment",
            "module.sqrl-aws-managed-flink-example.module.flink.module.flink_security_group.aws_security_group.this",
            "module.sqrl-aws-managed-flink-example.module.flink.module.flink_security_group.aws_security_group.this_name_prefix",
            "module.sqrl-aws-managed-flink-example.module.vpc.aws_subnet.public",
            "module.sqrl-aws-managed-flink-example.module.vpc.aws_vpc.this",
            "module.sqrl-aws-managed-flink-example.module.vpc.aws_vpc_ipv4_cidr_block_association.this"
          ]
        }
      ]
    },
    {
      "module": "module.sqrl-aws-managed-flink-example.module.flink",
      "mode": "managed",
      "type": "aws_s3_object",
      "name": "application_jar",
      "provider": "module.sqrl-aws-managed-flink-example.provider[\"registry.terraform.io/hashicorp/aws\"]",
      "instances": [
        {
          "schema_version": 0,
          "attributes": {
            "acl": null,
            "arn": "arn:aws:s3:::sqrl-deployment-3f9cbd4b45e67161/example.jar",
            "bucket": "sqrl-deployment-3f9cbd4b45e67161",
            "bucket_key_enabled": false,
            "cache_control": "",
            "checksum_algorithm": null,
            "checksum_crc32": "",
            "checksum_crc32c": "",
            "checksum_sha1": "",
            "checksum_sha256": "",
            "content": null,
            "content_base64": null,
            "content_disposition": "",
            "content_encoding": "",
            "content_language": "",
            "content_type": "binary/octet-stream",
            "etag": "0388d99a64cc25fa06f0c892ab3138df-5",
            "force_destroy": false,
            "id": "example.jar",
            "key": "example.jar",
            "kms_key_id": null,
            "metadata": null,
            "object_lock_legal_hold_status": "",
            "object_lock_mode": "",
            "object_lock_retain_until_date": "",
            "override_provider": [],
            "server_side_encryption": "AES256",
            "source": "FlinkJob.jar",
            "source_hash": null,
            "storage_class": "STANDARD",
            "tags": null,
            "tags_all": {},
            "version_id": "",
            "website_redirect": ""
          },
          "sensitive_attributes": [],
          "private": "bnVsbA==",
          "dependencies": [
            "module.sqrl-aws-managed-flink-example.module.deployment-bucket.aws_s3_bucket.this",
            "module.sqrl-aws-managed-flink-example.module.deployment-bucket.random_id.bucket_name_suffix",
            "module.sqrl-aws-managed-flink-example.module.flink.data.aws_s3_bucket.deployment"
          ]
        }
      ]
    },
    {
      "module": "module.sqrl-aws-managed-flink-example.module.server",
      "mode": "data",
      "type": "aws_route_tables",
      "name": "this",
      "provider": "module.sqrl-aws-managed-flink-example.provider[\"registry.terraform.io/hashicorp/aws\"]",
      "instances": [
        {
          "schema_version": 0,
          "attributes": {
            "filter": [
              {
                "name": "tag:Tier",
                "values": [
                  "public"
                ]
              }
            ],
            "id": "us-east-1",
            "ids": [
              "rtb-0ec7f8eaa414445c9"
            ],
            "tags": null,
            "timeouts": null,
            "vpc_id": "vpc-0598d71fbff454725"
          },
          "sensitive_attributes": []
        }
      ]
    },
    {
      "module": "module.sqrl-aws-managed-flink-example.module.server",
      "mode": "managed",
      "type": "aws_cloudwatch_log_group",
      "name": "server",
      "provider": "module.sqrl-aws-managed-flink-example.provider[\"registry.terraform.io/hashicorp/aws\"]",
      "instances": [
        {
          "schema_version": 0,
          "attributes": {
            "arn": "arn:aws:logs:us-east-1:286928876767:log-group:/ecs/sqrl/server",
            "id": "/ecs/sqrl/server",
            "kms_key_id": "",
            "log_group_class": "STANDARD",
            "name": "/ecs/sqrl/server",
            "name_prefix": "",
            "retention_in_days": 7,
            "skip_destroy": false,
            "tags": {
              "Environment": "prd",
              "IacDeployment": "tf",
              "Project": "datasqrl"
            },
            "tags_all": {
              "Environment": "prd",
              "IacDeployment": "tf",
              "Project": "datasqrl"
            }
          },
          "sensitive_attributes": [],
          "private": "bnVsbA=="
        }
      ]
    },
    {
      "module": "module.sqrl-aws-managed-flink-example.module.server",
      "mode": "managed",
      "type": "aws_ecs_cluster",
      "name": "my_cluster",
      "provider": "module.sqrl-aws-managed-flink-example.provider[\"registry.terraform.io/hashicorp/aws\"]",
      "instances": [
        {
          "schema_version": 0,
          "attributes": {
            "arn": "arn:aws:ecs:us-east-1:286928876767:cluster/sqrl-server",
            "configuration": [],
            "id": "arn:aws:ecs:us-east-1:286928876767:cluster/sqrl-server",
            "name": "sqrl-server",
            "service_connect_defaults": [],
            "setting": [
              {
                "name": "containerInsights",
                "value": "disabled"
              }
            ],
            "tags": {
              "Environment": "prd",
              "IacDeployment": "tf",
              "Project": "datasqrl"
            },
            "tags_all": {
              "Environment": "prd",
              "IacDeployment": "tf",
              "Project": "datasqrl"
            }
          },
          "sensitive_attributes": [],
          "private": "bnVsbA=="
        }
      ]
    },
    {
      "module": "module.sqrl-aws-managed-flink-example.module.server",
      "mode": "managed",
      "type": "aws_ecs_service",
      "name": "server",
      "provider": "module.sqrl-aws-managed-flink-example.provider[\"registry.terraform.io/hashicorp/aws\"]",
      "instances": [
        {
          "schema_version": 0,
          "attributes": {
            "alarms": [],
            "capacity_provider_strategy": [],
            "cluster": "arn:aws:ecs:us-east-1:286928876767:cluster/sqrl-server",
            "deployment_circuit_breaker": [
              {
                "enable": false,
                "rollback": false
              }
            ],
            "deployment_controller": [
              {
                "type": "ECS"
              }
            ],
            "deployment_maximum_percent": 200,
            "deployment_minimum_healthy_percent": 100,
            "desired_count": 1,
            "enable_ecs_managed_tags": false,
            "enable_execute_command": false,
            "force_new_deployment": true,
            "health_check_grace_period_seconds": 0,
            "iam_role": "/aws-service-role/ecs.amazonaws.com/AWSServiceRoleForECS",
            "id": "arn:aws:ecs:us-east-1:286928876767:service/sqrl-server/sqrl-server-pipeline-service",
            "launch_type": "FARGATE",
            "load_balancer": [
              {
                "container_name": "sqrl-server-main",
                "container_port": 8888,
                "elb_name": "",
                "target_group_arn": "arn:aws:elasticloadbalancing:us-east-1:286928876767:targetgroup/sqrl-graphql/a051126fc1bd69e2"
              }
            ],
            "name": "sqrl-server-pipeline-service",
            "network_configuration": [
              {
                "assign_public_ip": false,
                "security_groups": [
                  "sg-0715f592c933b06a7"
                ],
                "subnets": [
                  "subnet-0b6a28f7e4bdd08df",
                  "subnet-0c1a1f2fbaab5c3ca",
                  "subnet-0ec4a64cd6b025b08"
                ]
              }
            ],
            "ordered_placement_strategy": [],
            "placement_constraints": [],
            "platform_version": "LATEST",
            "propagate_tags": "NONE",
            "scheduling_strategy": "REPLICA",
            "service_connect_configuration": [],
            "service_registries": [],
            "tags": {
              "Environment": "prd",
              "IacDeployment": "tf",
              "Project": "datasqrl"
            },
            "tags_all": {
              "Environment": "prd",
              "IacDeployment": "tf",
              "Project": "datasqrl"
            },
            "task_definition": "arn:aws:ecs:us-east-1:286928876767:task-definition/sqrl-server-task-def:13",
            "timeouts": null,
            "triggers": {
              "redeployment": "2024-08-09T15:36:25Z"
            },
            "wait_for_steady_state": false
          },
          "sensitive_attributes": [],
          "private": "eyJlMmJmYjczMC1lY2FhLTExZTYtOGY4OC0zNDM2M2JjN2M0YzAiOnsiY3JlYXRlIjoxMjAwMDAwMDAwMDAwLCJkZWxldGUiOjEyMDAwMDAwMDAwMDAsInVwZGF0ZSI6MTIwMDAwMDAwMDAwMH19",
          "dependencies": [
            "module.sqrl-aws-managed-flink-example.module.database.aws_db_subnet_group.this",
            "module.sqrl-aws-managed-flink-example.module.database.data.aws_secretsmanager_secret.db_password",
            "module.sqrl-aws-managed-flink-example.module.database.data.aws_secretsmanager_secret_version.current",
            "module.sqrl-aws-managed-flink-example.module.database.module.db.module.db_instance.aws_cloudwatch_log_group.this",
            "module.sqrl-aws-managed-flink-example.module.database.module.db.module.db_instance.aws_db_instance.this",
            "module.sqrl-aws-managed-flink-example.module.database.module.db.module.db_instance.aws_iam_role.enhanced_monitoring",
            "module.sqrl-aws-managed-flink-example.module.database.module.db.module.db_instance.data.aws_iam_policy_document.enhanced_monitoring",
            "module.sqrl-aws-managed-flink-example.module.database.module.db.module.db_instance.random_id.snapshot_identifier",
            "module.sqrl-aws-managed-flink-example.module.database.module.db.module.db_option_group.aws_db_option_group.this",
            "module.sqrl-aws-managed-flink-example.module.database.module.db.module.db_parameter_group.aws_db_parameter_group.this",
            "module.sqrl-aws-managed-flink-example.module.database.module.db.module.db_subnet_group.aws_db_subnet_group.this",
            "module.sqrl-aws-managed-flink-example.module.database.module.db_security_group.aws_security_group.this",
            "module.sqrl-aws-managed-flink-example.module.database.module.db_security_group.aws_security_group.this_name_prefix",
            "module.sqrl-aws-managed-flink-example.module.server.aws_cloudwatch_log_group.server",
            "module.sqrl-aws-managed-flink-example.module.server.aws_ecs_cluster.my_cluster",
            "module.sqrl-aws-managed-flink-example.module.server.aws_ecs_task_definition.my_task_definition",
            "module.sqrl-aws-managed-flink-example.module.server.aws_iam_role.ecs_task_role",
            "module.sqrl-aws-managed-flink-example.module.server.aws_iam_role.execution_role",
            "module.sqrl-aws-managed-flink-example.module.server.aws_lb_target_group.backend_graphql",
            "module.sqrl-aws-managed-flink-example.module.server.module.sg_server.aws_security_group.this",
            "module.sqrl-aws-managed-flink-example.module.server.module.sg_server.aws_security_group.this_name_prefix",
            "module.sqrl-aws-managed-flink-example.module.vpc.aws_subnet.public",
            "module.sqrl-aws-managed-flink-example.module.vpc.aws_vpc.this",
            "module.sqrl-aws-managed-flink-example.module.vpc.aws_vpc_ipv4_cidr_block_association.this"
          ]
        }
      ]
    },
    {
      "module": "module.sqrl-aws-managed-flink-example.module.server",
      "mode": "managed",
      "type": "aws_ecs_task_definition",
      "name": "my_task_definition",
      "provider": "module.sqrl-aws-managed-flink-example.provider[\"registry.terraform.io/hashicorp/aws\"]",
      "instances": [
        {
          "schema_version": 1,
          "attributes": {
            "arn": "arn:aws:ecs:us-east-1:286928876767:task-definition/sqrl-server-task-def:13",
            "arn_without_revision": "arn:aws:ecs:us-east-1:286928876767:task-definition/sqrl-server-task-def",
            "container_definitions": "[{\"command\":[\"java\",\"-jar\",\"vertx-server.jar\"],\"cpu\":0,\"environment\":[{\"name\":\"PGDATABASE\",\"value\":\"datasqrl\"},{\"name\":\"PGHOST\",\"value\":\"sqrl-datasqrl.ctmcoc8i6am9.us-east-1.rds.amazonaws.com\"},{\"name\":\"PGPASSWORD\",\"value\":\"simplepass\"},{\"name\":\"PGPORT\",\"value\":\"5432\"},{\"name\":\"PGUSER\",\"value\":\"postgres\"},{\"name\":\"PROPERTIES_BOOTSTRAP_SERVERS\",\"value\":\"kafka:9092\"}],\"essential\":true,\"image\":\"286928876767.dkr.ecr.us-east-1.amazonaws.com/datasqrl-examples/finance-credit-card-chatbot/package-analytics-no-chat/deploy-server:latest\",\"logConfiguration\":{\"logDriver\":\"awslogs\",\"options\":{\"awslogs-group\":\"/ecs/sqrl/server\",\"awslogs-region\":\"us-east-1\",\"awslogs-stream-prefix\":\"main\"}},\"mountPoints\":[],\"name\":\"sqrl-server-main\",\"portMappings\":[{\"containerPort\":8888,\"hostPort\":8888,\"protocol\":\"tcp\"}],\"systemControls\":[],\"volumesFrom\":[],\"workingDirectory\":\"/opt/sqrl\"}]",
            "cpu": "1024",
            "ephemeral_storage": [],
            "execution_role_arn": "arn:aws:iam::286928876767:role/sqrl-server-ecs-task-execution-role",
            "family": "sqrl-server-task-def",
            "id": "sqrl-server-task-def",
            "inference_accelerator": [],
            "ipc_mode": "",
            "memory": "2048",
            "network_mode": "awsvpc",
            "pid_mode": "",
            "placement_constraints": [],
            "proxy_configuration": [],
            "requires_compatibilities": [
              "FARGATE"
            ],
            "revision": 13,
            "runtime_platform": [],
            "skip_destroy": false,
            "tags": {
              "Environment": "prd",
              "IacDeployment": "tf",
              "Project": "datasqrl"
            },
            "tags_all": {
              "Environment": "prd",
              "IacDeployment": "tf",
              "Project": "datasqrl"
            },
            "task_role_arn": "arn:aws:iam::286928876767:role/sqrl-server-ecs-task-role",
            "track_latest": false,
            "volume": [
              {
                "docker_volume_configuration": [],
                "efs_volume_configuration": [],
                "fsx_windows_file_server_volume_configuration": [],
                "host_path": "",
                "name": "ebs-volume"
              }
            ]
          },
          "sensitive_attributes": [],
          "private": "eyJzY2hlbWFfdmVyc2lvbiI6IjEifQ==",
          "dependencies": [
            "module.sqrl-aws-managed-flink-example.module.database.aws_db_subnet_group.this",
            "module.sqrl-aws-managed-flink-example.module.database.data.aws_secretsmanager_secret.db_password",
            "module.sqrl-aws-managed-flink-example.module.database.data.aws_secretsmanager_secret_version.current",
            "module.sqrl-aws-managed-flink-example.module.database.module.db.module.db_instance.aws_cloudwatch_log_group.this",
            "module.sqrl-aws-managed-flink-example.module.database.module.db.module.db_instance.aws_db_instance.this",
            "module.sqrl-aws-managed-flink-example.module.database.module.db.module.db_instance.aws_iam_role.enhanced_monitoring",
            "module.sqrl-aws-managed-flink-example.module.database.module.db.module.db_instance.data.aws_iam_policy_document.enhanced_monitoring",
            "module.sqrl-aws-managed-flink-example.module.database.module.db.module.db_instance.random_id.snapshot_identifier",
            "module.sqrl-aws-managed-flink-example.module.database.module.db.module.db_option_group.aws_db_option_group.this",
            "module.sqrl-aws-managed-flink-example.module.database.module.db.module.db_parameter_group.aws_db_parameter_group.this",
            "module.sqrl-aws-managed-flink-example.module.database.module.db.module.db_subnet_group.aws_db_subnet_group.this",
            "module.sqrl-aws-managed-flink-example.module.database.module.db_security_group.aws_security_group.this",
            "module.sqrl-aws-managed-flink-example.module.database.module.db_security_group.aws_security_group.this_name_prefix",
            "module.sqrl-aws-managed-flink-example.module.server.aws_cloudwatch_log_group.server",
            "module.sqrl-aws-managed-flink-example.module.server.aws_iam_role.ecs_task_role",
            "module.sqrl-aws-managed-flink-example.module.server.aws_iam_role.execution_role",
            "module.sqrl-aws-managed-flink-example.module.vpc.aws_subnet.public",
            "module.sqrl-aws-managed-flink-example.module.vpc.aws_vpc.this",
            "module.sqrl-aws-managed-flink-example.module.vpc.aws_vpc_ipv4_cidr_block_association.this"
          ]
        }
      ]
    },
    {
      "module": "module.sqrl-aws-managed-flink-example.module.server",
      "mode": "managed",
      "type": "aws_iam_role",
      "name": "ecs_task_role",
      "provider": "module.sqrl-aws-managed-flink-example.provider[\"registry.terraform.io/hashicorp/aws\"]",
      "instances": [
        {
          "schema_version": 0,
          "attributes": {
            "arn": "arn:aws:iam::286928876767:role/sqrl-server-ecs-task-role",
            "assume_role_policy": "{\"Statement\":[{\"Action\":\"sts:AssumeRole\",\"Effect\":\"Allow\",\"Principal\":{\"Service\":\"ecs-tasks.amazonaws.com\"}}],\"Version\":\"2012-10-17\"}",
            "create_date": "2024-08-09T15:36:37Z",
            "description": "",
            "force_detach_policies": false,
            "id": "sqrl-server-ecs-task-role",
            "inline_policy": [],
            "managed_policy_arns": [],
            "max_session_duration": 3600,
            "name": "sqrl-server-ecs-task-role",
            "name_prefix": "",
            "path": "/",
            "permissions_boundary": "",
            "tags": null,
            "tags_all": {},
            "unique_id": "AROAUFTSLGTPV76YGQPJC"
          },
          "sensitive_attributes": [],
          "private": "bnVsbA=="
        }
      ]
    },
    {
      "module": "module.sqrl-aws-managed-flink-example.module.server",
      "mode": "managed",
      "type": "aws_iam_role",
      "name": "execution_role",
      "provider": "module.sqrl-aws-managed-flink-example.provider[\"registry.terraform.io/hashicorp/aws\"]",
      "instances": [
        {
          "schema_version": 0,
          "attributes": {
            "arn": "arn:aws:iam::286928876767:role/sqrl-server-ecs-task-execution-role",
            "assume_role_policy": "{\"Statement\":[{\"Action\":\"sts:AssumeRole\",\"Effect\":\"Allow\",\"Principal\":{\"Service\":\"ecs-tasks.amazonaws.com\"}}],\"Version\":\"2012-10-17\"}",
            "create_date": "2024-08-09T15:36:37Z",
            "description": "",
            "force_detach_policies": false,
            "id": "sqrl-server-ecs-task-execution-role",
            "inline_policy": [],
            "managed_policy_arns": [],
            "max_session_duration": 3600,
            "name": "sqrl-server-ecs-task-execution-role",
            "name_prefix": "",
            "path": "/",
            "permissions_boundary": "",
            "tags": {
              "Environment": "prd",
              "IacDeployment": "tf",
              "Project": "datasqrl"
            },
            "tags_all": {
              "Environment": "prd",
              "IacDeployment": "tf",
              "Project": "datasqrl"
            },
            "unique_id": "AROAUFTSLGTP46P6ZAWN7"
          },
          "sensitive_attributes": [],
          "private": "bnVsbA=="
        }
      ]
    },
    {
      "module": "module.sqrl-aws-managed-flink-example.module.server",
      "mode": "managed",
      "type": "aws_iam_role_policy_attachment",
      "name": "execution_role_attachment_basic",
      "provider": "module.sqrl-aws-managed-flink-example.provider[\"registry.terraform.io/hashicorp/aws\"]",
      "instances": [
        {
          "schema_version": 0,
          "attributes": {
            "id": "sqrl-server-ecs-task-execution-role-20240809153638068800000005",
            "policy_arn": "arn:aws:iam::aws:policy/service-role/AmazonECSTaskExecutionRolePolicy",
            "role": "sqrl-server-ecs-task-execution-role"
          },
          "sensitive_attributes": [],
          "private": "bnVsbA==",
          "dependencies": [
            "module.sqrl-aws-managed-flink-example.module.server.aws_iam_role.execution_role"
          ]
        }
      ]
    },
    {
      "module": "module.sqrl-aws-managed-flink-example.module.server",
      "mode": "managed",
      "type": "aws_iam_role_policy_attachment",
      "name": "execution_role_attachment_ecr",
      "provider": "module.sqrl-aws-managed-flink-example.provider[\"registry.terraform.io/hashicorp/aws\"]",
      "instances": [
        {
          "schema_version": 0,
          "attributes": {
            "id": "sqrl-server-ecs-task-execution-role-20240809153638046600000004",
            "policy_arn": "arn:aws:iam::aws:policy/AmazonEC2ContainerRegistryReadOnly",
            "role": "sqrl-server-ecs-task-execution-role"
          },
          "sensitive_attributes": [],
          "private": "bnVsbA==",
          "dependencies": [
            "module.sqrl-aws-managed-flink-example.module.server.aws_iam_role.execution_role"
          ]
        }
      ]
    },
    {
      "module": "module.sqrl-aws-managed-flink-example.module.server",
      "mode": "managed",
      "type": "aws_lb",
      "name": "public_backend",
      "provider": "module.sqrl-aws-managed-flink-example.provider[\"registry.terraform.io/hashicorp/aws\"]",
      "instances": [
        {
          "schema_version": 0,
          "attributes": {
            "access_logs": [
              {
                "bucket": "",
                "enabled": false,
                "prefix": ""
              }
            ],
            "arn": "arn:aws:elasticloadbalancing:us-east-1:286928876767:loadbalancer/app/sqrl-public-backend/3d0bf24f04c1af41",
            "arn_suffix": "app/sqrl-public-backend/3d0bf24f04c1af41",
            "connection_logs": [
              {
                "bucket": "",
                "enabled": false,
                "prefix": ""
              }
            ],
            "customer_owned_ipv4_pool": "",
            "desync_mitigation_mode": "defensive",
            "dns_name": "sqrl-public-backend-5105621.us-east-1.elb.amazonaws.com",
            "dns_record_client_routing_policy": null,
            "drop_invalid_header_fields": false,
            "enable_cross_zone_load_balancing": true,
            "enable_deletion_protection": false,
            "enable_http2": true,
            "enable_tls_version_and_cipher_suite_headers": false,
            "enable_waf_fail_open": false,
            "enable_xff_client_port": false,
            "enforce_security_group_inbound_rules_on_private_link_traffic": "",
            "id": "arn:aws:elasticloadbalancing:us-east-1:286928876767:loadbalancer/app/sqrl-public-backend/3d0bf24f04c1af41",
            "idle_timeout": 60,
            "internal": false,
            "ip_address_type": "ipv4",
            "load_balancer_type": "application",
            "name": "sqrl-public-backend",
            "name_prefix": "",
            "preserve_host_header": false,
            "security_groups": [
              "sg-08555186eede93a7b"
            ],
            "subnet_mapping": [
              {
                "allocation_id": "",
                "ipv6_address": "",
                "outpost_id": "",
                "private_ipv4_address": "",
                "subnet_id": "subnet-0b6a28f7e4bdd08df"
              },
              {
                "allocation_id": "",
                "ipv6_address": "",
                "outpost_id": "",
                "private_ipv4_address": "",
                "subnet_id": "subnet-0c1a1f2fbaab5c3ca"
              },
              {
                "allocation_id": "",
                "ipv6_address": "",
                "outpost_id": "",
                "private_ipv4_address": "",
                "subnet_id": "subnet-0ec4a64cd6b025b08"
              }
            ],
            "subnets": [
              "subnet-0b6a28f7e4bdd08df",
              "subnet-0c1a1f2fbaab5c3ca",
              "subnet-0ec4a64cd6b025b08"
            ],
            "tags": null,
            "tags_all": {},
            "timeouts": null,
            "vpc_id": "vpc-0598d71fbff454725",
            "xff_header_processing_mode": "append",
            "zone_id": "Z35SXDOTRQ7X7K"
          },
          "sensitive_attributes": [],
          "private": "eyJlMmJmYjczMC1lY2FhLTExZTYtOGY4OC0zNDM2M2JjN2M0YzAiOnsiY3JlYXRlIjo2MDAwMDAwMDAwMDAsImRlbGV0ZSI6NjAwMDAwMDAwMDAwLCJ1cGRhdGUiOjYwMDAwMDAwMDAwMH19",
          "dependencies": [
            "module.sqrl-aws-managed-flink-example.module.server.module.alb_sg.aws_security_group.this",
            "module.sqrl-aws-managed-flink-example.module.server.module.alb_sg.aws_security_group.this_name_prefix",
            "module.sqrl-aws-managed-flink-example.module.vpc.aws_subnet.public",
            "module.sqrl-aws-managed-flink-example.module.vpc.aws_vpc.this",
            "module.sqrl-aws-managed-flink-example.module.vpc.aws_vpc_ipv4_cidr_block_association.this"
          ]
        }
      ]
    },
    {
      "module": "module.sqrl-aws-managed-flink-example.module.server",
      "mode": "managed",
      "type": "aws_lb_listener",
      "name": "backend_graphql",
      "provider": "module.sqrl-aws-managed-flink-example.provider[\"registry.terraform.io/hashicorp/aws\"]",
      "instances": [
        {
          "schema_version": 0,
          "attributes": {
            "alpn_policy": null,
            "arn": "arn:aws:elasticloadbalancing:us-east-1:286928876767:listener/app/sqrl-public-backend/3d0bf24f04c1af41/a053ce8fdb6f0086",
            "certificate_arn": null,
            "default_action": [
              {
                "authenticate_cognito": [],
                "authenticate_oidc": [],
                "fixed_response": [],
                "forward": [],
                "order": 1,
                "redirect": [],
                "target_group_arn": "arn:aws:elasticloadbalancing:us-east-1:286928876767:targetgroup/sqrl-graphql/a051126fc1bd69e2",
                "type": "forward"
              }
            ],
            "id": "arn:aws:elasticloadbalancing:us-east-1:286928876767:listener/app/sqrl-public-backend/3d0bf24f04c1af41/a053ce8fdb6f0086",
            "load_balancer_arn": "arn:aws:elasticloadbalancing:us-east-1:286928876767:loadbalancer/app/sqrl-public-backend/3d0bf24f04c1af41",
            "mutual_authentication": [],
            "port": 80,
            "protocol": "HTTP",
            "ssl_policy": "",
            "tags": null,
            "tags_all": {},
            "timeouts": null
          },
          "sensitive_attributes": [],
          "private": "eyJlMmJmYjczMC1lY2FhLTExZTYtOGY4OC0zNDM2M2JjN2M0YzAiOnsiY3JlYXRlIjozMDAwMDAwMDAwMDAsInVwZGF0ZSI6MzAwMDAwMDAwMDAwfX0=",
          "dependencies": [
            "module.sqrl-aws-managed-flink-example.module.server.aws_lb.public_backend",
            "module.sqrl-aws-managed-flink-example.module.server.aws_lb_target_group.backend_graphql",
            "module.sqrl-aws-managed-flink-example.module.server.module.alb_sg.aws_security_group.this",
            "module.sqrl-aws-managed-flink-example.module.server.module.alb_sg.aws_security_group.this_name_prefix",
            "module.sqrl-aws-managed-flink-example.module.vpc.aws_subnet.public",
            "module.sqrl-aws-managed-flink-example.module.vpc.aws_vpc.this",
            "module.sqrl-aws-managed-flink-example.module.vpc.aws_vpc_ipv4_cidr_block_association.this"
          ]
        }
      ]
    },
    {
      "module": "module.sqrl-aws-managed-flink-example.module.server",
      "mode": "managed",
      "type": "aws_lb_target_group",
      "name": "backend_graphql",
      "provider": "module.sqrl-aws-managed-flink-example.provider[\"registry.terraform.io/hashicorp/aws\"]",
      "instances": [
        {
          "schema_version": 0,
          "attributes": {
            "arn": "arn:aws:elasticloadbalancing:us-east-1:286928876767:targetgroup/sqrl-graphql/a051126fc1bd69e2",
            "arn_suffix": "targetgroup/sqrl-graphql/a051126fc1bd69e2",
            "connection_termination": null,
            "deregistration_delay": "300",
            "health_check": [
              {
                "enabled": true,
                "healthy_threshold": 2,
                "interval": 30,
                "matcher": "200-299",
                "path": "/health",
                "port": "traffic-port",
                "protocol": "HTTP",
                "timeout": 5,
                "unhealthy_threshold": 2
              }
            ],
            "id": "arn:aws:elasticloadbalancing:us-east-1:286928876767:targetgroup/sqrl-graphql/a051126fc1bd69e2",
            "ip_address_type": "ipv4",
            "lambda_multi_value_headers_enabled": false,
            "load_balancer_arns": [],
            "load_balancing_algorithm_type": "round_robin",
            "load_balancing_anomaly_mitigation": "off",
            "load_balancing_cross_zone_enabled": "use_load_balancer_configuration",
            "name": "sqrl-graphql",
            "name_prefix": "",
            "port": 8888,
            "preserve_client_ip": null,
            "protocol": "HTTP",
            "protocol_version": "HTTP1",
            "proxy_protocol_v2": false,
            "slow_start": 0,
            "stickiness": [
              {
                "cookie_duration": 86400,
                "cookie_name": "",
                "enabled": false,
                "type": "lb_cookie"
              }
            ],
            "tags": null,
            "tags_all": {},
            "target_failover": [
              {
                "on_deregistration": null,
                "on_unhealthy": null
              }
            ],
            "target_health_state": [
              {
                "enable_unhealthy_connection_termination": null
              }
            ],
            "target_type": "ip",
            "vpc_id": "vpc-0598d71fbff454725"
          },
          "sensitive_attributes": [],
          "private": "bnVsbA==",
          "dependencies": [
            "module.sqrl-aws-managed-flink-example.module.vpc.aws_vpc.this"
          ]
        }
      ]
    },
    {
      "module": "module.sqrl-aws-managed-flink-example.module.server",
      "mode": "managed",
      "type": "aws_vpc_endpoint",
      "name": "cloudwatchlogs",
      "provider": "module.sqrl-aws-managed-flink-example.provider[\"registry.terraform.io/hashicorp/aws\"]",
      "instances": [
        {
          "index_key": 0,
          "schema_version": 0,
          "attributes": {
            "arn": "arn:aws:ec2:us-east-1:286928876767:vpc-endpoint/vpce-093adf845e9075c26",
            "auto_accept": null,
            "cidr_blocks": [],
            "dns_entry": [
              {
                "dns_name": "vpce-093adf845e9075c26-zj2savt5.logs.us-east-1.vpce.amazonaws.com",
                "hosted_zone_id": "Z7HUB22UULQXV"
              },
              {
                "dns_name": "vpce-093adf845e9075c26-zj2savt5-us-east-1b.logs.us-east-1.vpce.amazonaws.com",
                "hosted_zone_id": "Z7HUB22UULQXV"
              },
              {
                "dns_name": "vpce-093adf845e9075c26-zj2savt5-us-east-1a.logs.us-east-1.vpce.amazonaws.com",
                "hosted_zone_id": "Z7HUB22UULQXV"
              },
              {
                "dns_name": "vpce-093adf845e9075c26-zj2savt5-us-east-1c.logs.us-east-1.vpce.amazonaws.com",
                "hosted_zone_id": "Z7HUB22UULQXV"
              },
              {
                "dns_name": "logs.us-east-1.amazonaws.com",
                "hosted_zone_id": "Z0564594ON6WYCBA9VQ0"
              },
              {
                "dns_name": "logs.us-east-1.api.aws",
                "hosted_zone_id": "Z009673818Z0332OUZ16X"
              }
            ],
            "dns_options": [
              {
                "dns_record_ip_type": "ipv4",
                "private_dns_only_for_inbound_resolver_endpoint": false
              }
            ],
            "id": "vpce-093adf845e9075c26",
            "ip_address_type": "ipv4",
            "network_interface_ids": [
              "eni-0913fb09d7e832bef",
              "eni-0d07277a616713b7c",
              "eni-0f0b6b3497d07db7c"
            ],
            "owner_id": "286928876767",
            "policy": "{\"Statement\":[{\"Action\":\"*\",\"Effect\":\"Allow\",\"Principal\":\"*\",\"Resource\":\"*\"}]}",
            "prefix_list_id": null,
            "private_dns_enabled": true,
            "requester_managed": false,
            "route_table_ids": [],
            "security_group_ids": [
              "sg-0beebaee8fd612d37"
            ],
            "service_name": "com.amazonaws.us-east-1.logs",
            "state": "available",
            "subnet_ids": [
              "subnet-0b6a28f7e4bdd08df",
              "subnet-0c1a1f2fbaab5c3ca",
              "subnet-0ec4a64cd6b025b08"
            ],
            "tags": {
              "Environment": "prd",
              "IacDeployment": "tf",
              "Name": "cloudwatchlogs-us-east-1-endpoint",
              "Project": "datasqrl"
            },
            "tags_all": {
              "Environment": "prd",
              "IacDeployment": "tf",
              "Name": "cloudwatchlogs-us-east-1-endpoint",
              "Project": "datasqrl"
            },
            "timeouts": null,
            "vpc_endpoint_type": "Interface",
            "vpc_id": "vpc-0598d71fbff454725"
          },
          "sensitive_attributes": [],
          "private": "eyJlMmJmYjczMC1lY2FhLTExZTYtOGY4OC0zNDM2M2JjN2M0YzAiOnsiY3JlYXRlIjo2MDAwMDAwMDAwMDAsImRlbGV0ZSI6NjAwMDAwMDAwMDAwLCJ1cGRhdGUiOjYwMDAwMDAwMDAwMH19",
          "dependencies": [
            "module.sqrl-aws-managed-flink-example.module.server.module.vpc_endpoint_sg.aws_security_group.this",
            "module.sqrl-aws-managed-flink-example.module.server.module.vpc_endpoint_sg.aws_security_group.this_name_prefix",
            "module.sqrl-aws-managed-flink-example.module.vpc.aws_subnet.public",
            "module.sqrl-aws-managed-flink-example.module.vpc.aws_vpc.this",
            "module.sqrl-aws-managed-flink-example.module.vpc.aws_vpc_ipv4_cidr_block_association.this"
          ]
        }
      ]
    },
    {
      "module": "module.sqrl-aws-managed-flink-example.module.server",
      "mode": "managed",
      "type": "aws_vpc_endpoint",
      "name": "dkr",
      "provider": "module.sqrl-aws-managed-flink-example.provider[\"registry.terraform.io/hashicorp/aws\"]",
      "instances": [
        {
          "index_key": 0,
          "schema_version": 0,
          "attributes": {
            "arn": "arn:aws:ec2:us-east-1:286928876767:vpc-endpoint/vpce-02ce705969c7a6ba6",
            "auto_accept": null,
            "cidr_blocks": [],
            "dns_entry": [
              {
                "dns_name": "vpce-02ce705969c7a6ba6-kta7ywp4.dkr.ecr.us-east-1.vpce.amazonaws.com",
                "hosted_zone_id": "Z7HUB22UULQXV"
              },
              {
                "dns_name": "vpce-02ce705969c7a6ba6-kta7ywp4-us-east-1b.dkr.ecr.us-east-1.vpce.amazonaws.com",
                "hosted_zone_id": "Z7HUB22UULQXV"
              },
              {
                "dns_name": "vpce-02ce705969c7a6ba6-kta7ywp4-us-east-1c.dkr.ecr.us-east-1.vpce.amazonaws.com",
                "hosted_zone_id": "Z7HUB22UULQXV"
              },
              {
                "dns_name": "vpce-02ce705969c7a6ba6-kta7ywp4-us-east-1a.dkr.ecr.us-east-1.vpce.amazonaws.com",
                "hosted_zone_id": "Z7HUB22UULQXV"
              },
              {
                "dns_name": "dkr.ecr.us-east-1.amazonaws.com",
                "hosted_zone_id": "Z05635821IG8IZPU5BUOL"
              },
              {
                "dns_name": "*.dkr.ecr.us-east-1.amazonaws.com",
                "hosted_zone_id": "Z05635821IG8IZPU5BUOL"
              }
            ],
            "dns_options": [
              {
                "dns_record_ip_type": "ipv4",
                "private_dns_only_for_inbound_resolver_endpoint": false
              }
            ],
            "id": "vpce-02ce705969c7a6ba6",
            "ip_address_type": "ipv4",
            "network_interface_ids": [
              "eni-0319b3405852efbb2",
              "eni-04bc29afa5fbfd7b1",
              "eni-0a752989a1cb91a50"
            ],
            "owner_id": "286928876767",
            "policy": "{\"Statement\":[{\"Action\":\"*\",\"Effect\":\"Allow\",\"Principal\":\"*\",\"Resource\":\"*\"}]}",
            "prefix_list_id": null,
            "private_dns_enabled": true,
            "requester_managed": false,
            "route_table_ids": [],
            "security_group_ids": [
              "sg-0beebaee8fd612d37"
            ],
            "service_name": "com.amazonaws.us-east-1.ecr.dkr",
            "state": "available",
            "subnet_ids": [
              "subnet-0b6a28f7e4bdd08df",
              "subnet-0c1a1f2fbaab5c3ca",
              "subnet-0ec4a64cd6b025b08"
            ],
            "tags": {
              "Environment": "prd",
              "IacDeployment": "tf",
              "Name": "dkr-us-east-1-endpoint",
              "Project": "datasqrl"
            },
            "tags_all": {
              "Environment": "prd",
              "IacDeployment": "tf",
              "Name": "dkr-us-east-1-endpoint",
              "Project": "datasqrl"
            },
            "timeouts": null,
            "vpc_endpoint_type": "Interface",
            "vpc_id": "vpc-0598d71fbff454725"
          },
          "sensitive_attributes": [],
          "private": "eyJlMmJmYjczMC1lY2FhLTExZTYtOGY4OC0zNDM2M2JjN2M0YzAiOnsiY3JlYXRlIjo2MDAwMDAwMDAwMDAsImRlbGV0ZSI6NjAwMDAwMDAwMDAwLCJ1cGRhdGUiOjYwMDAwMDAwMDAwMH19",
          "dependencies": [
            "module.sqrl-aws-managed-flink-example.module.server.module.vpc_endpoint_sg.aws_security_group.this",
            "module.sqrl-aws-managed-flink-example.module.server.module.vpc_endpoint_sg.aws_security_group.this_name_prefix",
            "module.sqrl-aws-managed-flink-example.module.vpc.aws_subnet.public",
            "module.sqrl-aws-managed-flink-example.module.vpc.aws_vpc.this",
            "module.sqrl-aws-managed-flink-example.module.vpc.aws_vpc_ipv4_cidr_block_association.this"
          ]
        }
      ]
    },
    {
      "module": "module.sqrl-aws-managed-flink-example.module.server",
      "mode": "managed",
      "type": "aws_vpc_endpoint",
      "name": "ecr",
      "provider": "module.sqrl-aws-managed-flink-example.provider[\"registry.terraform.io/hashicorp/aws\"]",
      "instances": [
        {
          "index_key": 0,
          "schema_version": 0,
          "attributes": {
            "arn": "arn:aws:ec2:us-east-1:286928876767:vpc-endpoint/vpce-0e78a6debc45abd0d",
            "auto_accept": null,
            "cidr_blocks": [],
            "dns_entry": [
              {
                "dns_name": "vpce-0e78a6debc45abd0d-p00ap5bz.api.ecr.us-east-1.vpce.amazonaws.com",
                "hosted_zone_id": "Z7HUB22UULQXV"
              },
              {
                "dns_name": "vpce-0e78a6debc45abd0d-p00ap5bz-us-east-1a.api.ecr.us-east-1.vpce.amazonaws.com",
                "hosted_zone_id": "Z7HUB22UULQXV"
              },
              {
                "dns_name": "vpce-0e78a6debc45abd0d-p00ap5bz-us-east-1c.api.ecr.us-east-1.vpce.amazonaws.com",
                "hosted_zone_id": "Z7HUB22UULQXV"
              },
              {
                "dns_name": "vpce-0e78a6debc45abd0d-p00ap5bz-us-east-1b.api.ecr.us-east-1.vpce.amazonaws.com",
                "hosted_zone_id": "Z7HUB22UULQXV"
              },
              {
                "dns_name": "api.ecr.us-east-1.amazonaws.com",
                "hosted_zone_id": "Z03253273O6ZGWRTLLH7Y"
              }
            ],
            "dns_options": [
              {
                "dns_record_ip_type": "ipv4",
                "private_dns_only_for_inbound_resolver_endpoint": false
              }
            ],
            "id": "vpce-0e78a6debc45abd0d",
            "ip_address_type": "ipv4",
            "network_interface_ids": [
              "eni-006e04c21a68f9504",
              "eni-037f17782d9e5c47f",
              "eni-0b1b9f2ed200ad324"
            ],
            "owner_id": "286928876767",
            "policy": "{\"Statement\":[{\"Action\":\"*\",\"Effect\":\"Allow\",\"Principal\":\"*\",\"Resource\":\"*\"}]}",
            "prefix_list_id": null,
            "private_dns_enabled": true,
            "requester_managed": false,
            "route_table_ids": [],
            "security_group_ids": [
              "sg-0beebaee8fd612d37"
            ],
            "service_name": "com.amazonaws.us-east-1.ecr.api",
            "state": "available",
            "subnet_ids": [
              "subnet-0b6a28f7e4bdd08df",
              "subnet-0c1a1f2fbaab5c3ca",
              "subnet-0ec4a64cd6b025b08"
            ],
            "tags": {
              "Environment": "prd",
              "IacDeployment": "tf",
              "Name": "ecr-us-east-1-endpoint",
              "Project": "datasqrl"
            },
            "tags_all": {
              "Environment": "prd",
              "IacDeployment": "tf",
              "Name": "ecr-us-east-1-endpoint",
              "Project": "datasqrl"
            },
            "timeouts": null,
            "vpc_endpoint_type": "Interface",
            "vpc_id": "vpc-0598d71fbff454725"
          },
          "sensitive_attributes": [],
          "private": "eyJlMmJmYjczMC1lY2FhLTExZTYtOGY4OC0zNDM2M2JjN2M0YzAiOnsiY3JlYXRlIjo2MDAwMDAwMDAwMDAsImRlbGV0ZSI6NjAwMDAwMDAwMDAwLCJ1cGRhdGUiOjYwMDAwMDAwMDAwMH19",
          "dependencies": [
            "module.sqrl-aws-managed-flink-example.module.server.module.vpc_endpoint_sg.aws_security_group.this",
            "module.sqrl-aws-managed-flink-example.module.server.module.vpc_endpoint_sg.aws_security_group.this_name_prefix",
            "module.sqrl-aws-managed-flink-example.module.vpc.aws_subnet.public",
            "module.sqrl-aws-managed-flink-example.module.vpc.aws_vpc.this",
            "module.sqrl-aws-managed-flink-example.module.vpc.aws_vpc_ipv4_cidr_block_association.this"
          ]
        }
      ]
    },
    {
      "module": "module.sqrl-aws-managed-flink-example.module.server",
      "mode": "managed",
      "type": "aws_vpc_endpoint",
      "name": "s3",
      "provider": "module.sqrl-aws-managed-flink-example.provider[\"registry.terraform.io/hashicorp/aws\"]",
      "instances": [
        {
          "index_key": 0,
          "schema_version": 0,
          "attributes": {
            "arn": "arn:aws:ec2:us-east-1:286928876767:vpc-endpoint/vpce-00c50b8064bd2df00",
            "auto_accept": null,
            "cidr_blocks": [
              "16.15.176.0/20",
              "16.182.0.0/16",
              "18.34.0.0/19",
              "52.216.0.0/15",
              "54.231.0.0/16",
              "3.5.0.0/19",
              "18.34.232.0/21",
              "16.15.192.0/18"
            ],
            "dns_entry": [],
            "dns_options": [],
            "id": "vpce-00c50b8064bd2df00",
            "ip_address_type": "",
            "network_interface_ids": [],
            "owner_id": "286928876767",
            "policy": "{\"Statement\":[{\"Action\":\"*\",\"Effect\":\"Allow\",\"Principal\":\"*\",\"Resource\":\"*\"}],\"Version\":\"2008-10-17\"}",
            "prefix_list_id": "pl-63a5400a",
            "private_dns_enabled": false,
            "requester_managed": false,
            "route_table_ids": [
              "rtb-0ec7f8eaa414445c9"
            ],
            "security_group_ids": [],
            "service_name": "com.amazonaws.us-east-1.s3",
            "state": "available",
            "subnet_ids": [],
            "tags": {
              "Environment": "prd",
              "IacDeployment": "tf",
              "Name": "s3-gateway-us-east-1-endpoint",
              "Project": "datasqrl"
            },
            "tags_all": {
              "Environment": "prd",
              "IacDeployment": "tf",
              "Name": "s3-gateway-us-east-1-endpoint",
              "Project": "datasqrl"
            },
            "timeouts": null,
            "vpc_endpoint_type": "Gateway",
            "vpc_id": "vpc-0598d71fbff454725"
          },
          "sensitive_attributes": [],
          "private": "eyJlMmJmYjczMC1lY2FhLTExZTYtOGY4OC0zNDM2M2JjN2M0YzAiOnsiY3JlYXRlIjo2MDAwMDAwMDAwMDAsImRlbGV0ZSI6NjAwMDAwMDAwMDAwLCJ1cGRhdGUiOjYwMDAwMDAwMDAwMH19",
          "dependencies": [
            "module.sqrl-aws-managed-flink-example.module.server.data.aws_route_tables.this",
            "module.sqrl-aws-managed-flink-example.module.vpc.aws_vpc.this"
          ]
        }
      ]
    },
    {
      "module": "module.sqrl-aws-managed-flink-example.module.server.module.alb_sg",
      "mode": "managed",
      "type": "aws_security_group",
      "name": "this_name_prefix",
      "provider": "module.sqrl-aws-managed-flink-example.provider[\"registry.terraform.io/hashicorp/aws\"]",
      "instances": [
        {
          "index_key": 0,
          "schema_version": 1,
          "attributes": {
            "arn": "arn:aws:ec2:us-east-1:286928876767:security-group/sg-08555186eede93a7b",
            "description": "Expose ssh and graphql, possible flink",
            "egress": [],
            "id": "sg-08555186eede93a7b",
            "ingress": [],
            "name": "sqrl-alb-sg-2024080915365019030000000d",
            "name_prefix": "sqrl-alb-sg-",
            "owner_id": "286928876767",
            "revoke_rules_on_delete": false,
            "tags": {
              "Environment": "prd",
              "IacDeployment": "tf",
              "Name": "sqrl-alb-sg",
              "Project": "datasqrl"
            },
            "tags_all": {
              "Environment": "prd",
              "IacDeployment": "tf",
              "Name": "sqrl-alb-sg",
              "Project": "datasqrl"
            },
            "timeouts": {
              "create": "10m",
              "delete": "15m"
            },
            "vpc_id": "vpc-0598d71fbff454725"
          },
          "sensitive_attributes": [],
          "private": "eyJlMmJmYjczMC1lY2FhLTExZTYtOGY4OC0zNDM2M2JjN2M0YzAiOnsiY3JlYXRlIjo2MDAwMDAwMDAwMDAsImRlbGV0ZSI6OTAwMDAwMDAwMDAwfSwic2NoZW1hX3ZlcnNpb24iOiIxIn0=",
          "dependencies": [
            "module.sqrl-aws-managed-flink-example.module.vpc.aws_vpc.this"
          ],
          "create_before_destroy": true
        }
      ]
    },
    {
      "module": "module.sqrl-aws-managed-flink-example.module.server.module.alb_sg",
      "mode": "managed",
      "type": "aws_security_group_rule",
      "name": "egress_with_cidr_blocks",
      "provider": "module.sqrl-aws-managed-flink-example.provider[\"registry.terraform.io/hashicorp/aws\"]",
      "instances": [
        {
          "index_key": 0,
          "schema_version": 2,
          "attributes": {
            "cidr_blocks": [
              "0.0.0.0/0"
            ],
            "description": "Egress Rule",
            "from_port": 0,
            "id": "sgrule-2569037860",
            "ipv6_cidr_blocks": null,
            "prefix_list_ids": [],
            "protocol": "-1",
            "security_group_id": "sg-08555186eede93a7b",
            "security_group_rule_id": "sgr-060993414097f36b5",
            "self": false,
            "source_security_group_id": null,
            "timeouts": null,
            "to_port": 0,
            "type": "egress"
          },
          "sensitive_attributes": [],
          "private": "eyJlMmJmYjczMC1lY2FhLTExZTYtOGY4OC0zNDM2M2JjN2M0YzAiOnsiY3JlYXRlIjozMDAwMDAwMDAwMDB9LCJzY2hlbWFfdmVyc2lvbiI6IjIifQ==",
          "dependencies": [
            "module.sqrl-aws-managed-flink-example.module.server.module.alb_sg.aws_security_group.this",
            "module.sqrl-aws-managed-flink-example.module.server.module.alb_sg.aws_security_group.this_name_prefix",
            "module.sqrl-aws-managed-flink-example.module.vpc.aws_vpc.this"
          ]
        }
      ]
    },
    {
      "module": "module.sqrl-aws-managed-flink-example.module.server.module.alb_sg",
      "mode": "managed",
      "type": "aws_security_group_rule",
      "name": "ingress_with_cidr_blocks",
      "provider": "module.sqrl-aws-managed-flink-example.provider[\"registry.terraform.io/hashicorp/aws\"]",
      "instances": [
        {
          "index_key": 0,
          "schema_version": 2,
          "attributes": {
            "cidr_blocks": [
              "0.0.0.0/0"
            ],
            "description": "graphql port",
            "from_port": 80,
            "id": "sgrule-3843844674",
            "ipv6_cidr_blocks": null,
            "prefix_list_ids": [],
            "protocol": "tcp",
            "security_group_id": "sg-08555186eede93a7b",
            "security_group_rule_id": "sgr-03b96cf380c4550bc",
            "self": false,
            "source_security_group_id": null,
            "timeouts": null,
            "to_port": 80,
            "type": "ingress"
          },
          "sensitive_attributes": [],
          "private": "eyJlMmJmYjczMC1lY2FhLTExZTYtOGY4OC0zNDM2M2JjN2M0YzAiOnsiY3JlYXRlIjozMDAwMDAwMDAwMDB9LCJzY2hlbWFfdmVyc2lvbiI6IjIifQ==",
          "dependencies": [
            "module.sqrl-aws-managed-flink-example.module.server.module.alb_sg.aws_security_group.this",
            "module.sqrl-aws-managed-flink-example.module.server.module.alb_sg.aws_security_group.this_name_prefix",
            "module.sqrl-aws-managed-flink-example.module.vpc.aws_vpc.this"
          ]
        }
      ]
    },
    {
      "module": "module.sqrl-aws-managed-flink-example.module.server.module.sg_server",
      "mode": "managed",
      "type": "aws_security_group",
      "name": "this_name_prefix",
      "provider": "module.sqrl-aws-managed-flink-example.provider[\"registry.terraform.io/hashicorp/aws\"]",
      "instances": [
        {
          "index_key": 0,
          "schema_version": 1,
          "attributes": {
            "arn": "arn:aws:ec2:us-east-1:286928876767:security-group/sg-0715f592c933b06a7",
            "description": "Server security group",
            "egress": [],
            "id": "sg-0715f592c933b06a7",
            "ingress": [],
            "name": "sqrl-server-sg-2024080915365012480000000c",
            "name_prefix": "sqrl-server-sg-",
            "owner_id": "286928876767",
            "revoke_rules_on_delete": false,
            "tags": {
              "Environment": "prd",
              "IacDeployment": "tf",
              "Name": "sqrl-server-sg",
              "Project": "datasqrl"
            },
            "tags_all": {
              "Environment": "prd",
              "IacDeployment": "tf",
              "Name": "sqrl-server-sg",
              "Project": "datasqrl"
            },
            "timeouts": {
              "create": "10m",
              "delete": "15m"
            },
            "vpc_id": "vpc-0598d71fbff454725"
          },
          "sensitive_attributes": [],
          "private": "eyJlMmJmYjczMC1lY2FhLTExZTYtOGY4OC0zNDM2M2JjN2M0YzAiOnsiY3JlYXRlIjo2MDAwMDAwMDAwMDAsImRlbGV0ZSI6OTAwMDAwMDAwMDAwfSwic2NoZW1hX3ZlcnNpb24iOiIxIn0=",
          "dependencies": [
            "module.sqrl-aws-managed-flink-example.module.vpc.aws_vpc.this"
          ],
          "create_before_destroy": true
        }
      ]
    },
    {
      "module": "module.sqrl-aws-managed-flink-example.module.server.module.sg_server",
      "mode": "managed",
      "type": "aws_security_group_rule",
      "name": "egress_with_cidr_blocks",
      "provider": "module.sqrl-aws-managed-flink-example.provider[\"registry.terraform.io/hashicorp/aws\"]",
      "instances": [
        {
          "index_key": 0,
          "schema_version": 2,
          "attributes": {
            "cidr_blocks": [
              "0.0.0.0/0"
            ],
            "description": "Egress Rule",
            "from_port": 0,
            "id": "sgrule-1633382499",
            "ipv6_cidr_blocks": null,
            "prefix_list_ids": [],
            "protocol": "-1",
            "security_group_id": "sg-0715f592c933b06a7",
            "security_group_rule_id": "sgr-07678bf563c69deb9",
            "self": false,
            "source_security_group_id": null,
            "timeouts": null,
            "to_port": 0,
            "type": "egress"
          },
          "sensitive_attributes": [],
          "private": "eyJlMmJmYjczMC1lY2FhLTExZTYtOGY4OC0zNDM2M2JjN2M0YzAiOnsiY3JlYXRlIjozMDAwMDAwMDAwMDB9LCJzY2hlbWFfdmVyc2lvbiI6IjIifQ==",
          "dependencies": [
            "module.sqrl-aws-managed-flink-example.module.server.module.sg_server.aws_security_group.this",
            "module.sqrl-aws-managed-flink-example.module.server.module.sg_server.aws_security_group.this_name_prefix",
            "module.sqrl-aws-managed-flink-example.module.vpc.aws_vpc.this"
          ]
        }
      ]
    },
    {
      "module": "module.sqrl-aws-managed-flink-example.module.server.module.sg_server",
      "mode": "managed",
      "type": "aws_security_group_rule",
      "name": "ingress_with_source_security_group_id",
      "provider": "module.sqrl-aws-managed-flink-example.provider[\"registry.terraform.io/hashicorp/aws\"]",
      "instances": [
        {
          "index_key": 0,
          "schema_version": 2,
          "attributes": {
            "cidr_blocks": null,
            "description": "Allow access from ALB",
            "from_port": 8888,
            "id": "sgrule-2607065879",
            "ipv6_cidr_blocks": null,
            "prefix_list_ids": [],
            "protocol": "tcp",
            "security_group_id": "sg-0715f592c933b06a7",
            "security_group_rule_id": "sgr-04544f93001100384",
            "self": false,
            "source_security_group_id": "sg-08555186eede93a7b",
            "timeouts": null,
            "to_port": 8888,
            "type": "ingress"
          },
          "sensitive_attributes": [],
          "private": "eyJlMmJmYjczMC1lY2FhLTExZTYtOGY4OC0zNDM2M2JjN2M0YzAiOnsiY3JlYXRlIjozMDAwMDAwMDAwMDB9LCJzY2hlbWFfdmVyc2lvbiI6IjIifQ==",
          "dependencies": [
            "module.sqrl-aws-managed-flink-example.module.server.module.alb_sg.aws_security_group.this",
            "module.sqrl-aws-managed-flink-example.module.server.module.alb_sg.aws_security_group.this_name_prefix",
            "module.sqrl-aws-managed-flink-example.module.server.module.sg_server.aws_security_group.this",
            "module.sqrl-aws-managed-flink-example.module.server.module.sg_server.aws_security_group.this_name_prefix",
            "module.sqrl-aws-managed-flink-example.module.vpc.aws_vpc.this"
          ]
        }
      ]
    },
    {
      "module": "module.sqrl-aws-managed-flink-example.module.server.module.vpc_endpoint_sg",
      "mode": "managed",
      "type": "aws_security_group",
      "name": "this_name_prefix",
      "provider": "module.sqrl-aws-managed-flink-example.provider[\"registry.terraform.io/hashicorp/aws\"]",
      "instances": [
        {
          "index_key": 0,
          "schema_version": 1,
          "attributes": {
            "arn": "arn:aws:ec2:us-east-1:286928876767:security-group/sg-0beebaee8fd612d37",
            "description": "Allow all traffic",
            "egress": [],
            "id": "sg-0beebaee8fd612d37",
            "ingress": [],
            "name": "sqrl-vpc-endpoint-sg-2024080915365006830000000b",
            "name_prefix": "sqrl-vpc-endpoint-sg-",
            "owner_id": "286928876767",
            "revoke_rules_on_delete": false,
            "tags": {
              "Environment": "prd",
              "IacDeployment": "tf",
              "Name": "sqrl-vpc-endpoint-sg",
              "Project": "datasqrl"
            },
            "tags_all": {
              "Environment": "prd",
              "IacDeployment": "tf",
              "Name": "sqrl-vpc-endpoint-sg",
              "Project": "datasqrl"
            },
            "timeouts": {
              "create": "10m",
              "delete": "15m"
            },
            "vpc_id": "vpc-0598d71fbff454725"
          },
          "sensitive_attributes": [],
          "private": "eyJlMmJmYjczMC1lY2FhLTExZTYtOGY4OC0zNDM2M2JjN2M0YzAiOnsiY3JlYXRlIjo2MDAwMDAwMDAwMDAsImRlbGV0ZSI6OTAwMDAwMDAwMDAwfSwic2NoZW1hX3ZlcnNpb24iOiIxIn0=",
          "dependencies": [
            "module.sqrl-aws-managed-flink-example.module.vpc.aws_vpc.this"
          ],
          "create_before_destroy": true
        }
      ]
    },
    {
      "module": "module.sqrl-aws-managed-flink-example.module.server.module.vpc_endpoint_sg",
      "mode": "managed",
      "type": "aws_security_group_rule",
      "name": "egress_with_cidr_blocks",
      "provider": "module.sqrl-aws-managed-flink-example.provider[\"registry.terraform.io/hashicorp/aws\"]",
      "instances": [
        {
          "index_key": 0,
          "schema_version": 2,
          "attributes": {
            "cidr_blocks": [
              "0.0.0.0/0"
            ],
            "description": "Egress Rule",
            "from_port": 0,
            "id": "sgrule-765677146",
            "ipv6_cidr_blocks": null,
            "prefix_list_ids": [],
            "protocol": "-1",
            "security_group_id": "sg-0beebaee8fd612d37",
            "security_group_rule_id": "sgr-0f664a192eccfc233",
            "self": false,
            "source_security_group_id": null,
            "timeouts": null,
            "to_port": 0,
            "type": "egress"
          },
          "sensitive_attributes": [],
          "private": "eyJlMmJmYjczMC1lY2FhLTExZTYtOGY4OC0zNDM2M2JjN2M0YzAiOnsiY3JlYXRlIjozMDAwMDAwMDAwMDB9LCJzY2hlbWFfdmVyc2lvbiI6IjIifQ==",
          "dependencies": [
            "module.sqrl-aws-managed-flink-example.module.server.module.vpc_endpoint_sg.aws_security_group.this",
            "module.sqrl-aws-managed-flink-example.module.server.module.vpc_endpoint_sg.aws_security_group.this_name_prefix",
            "module.sqrl-aws-managed-flink-example.module.vpc.aws_vpc.this"
          ]
        }
      ]
    },
    {
      "module": "module.sqrl-aws-managed-flink-example.module.server.module.vpc_endpoint_sg",
      "mode": "managed",
      "type": "aws_security_group_rule",
      "name": "ingress_with_cidr_blocks",
      "provider": "module.sqrl-aws-managed-flink-example.provider[\"registry.terraform.io/hashicorp/aws\"]",
      "instances": [
        {
          "index_key": 0,
          "schema_version": 2,
          "attributes": {
            "cidr_blocks": [
              "0.0.0.0/0"
            ],
            "description": "Allow all traffic",
            "from_port": 0,
            "id": "sgrule-160512240",
            "ipv6_cidr_blocks": null,
            "prefix_list_ids": [],
            "protocol": "-1",
            "security_group_id": "sg-0beebaee8fd612d37",
            "security_group_rule_id": "sgr-0abf6be0cd5544d30",
            "self": false,
            "source_security_group_id": null,
            "timeouts": null,
            "to_port": 65535,
            "type": "ingress"
          },
          "sensitive_attributes": [],
          "private": "eyJlMmJmYjczMC1lY2FhLTExZTYtOGY4OC0zNDM2M2JjN2M0YzAiOnsiY3JlYXRlIjozMDAwMDAwMDAwMDB9LCJzY2hlbWFfdmVyc2lvbiI6IjIifQ==",
          "dependencies": [
            "module.sqrl-aws-managed-flink-example.module.server.module.vpc_endpoint_sg.aws_security_group.this",
            "module.sqrl-aws-managed-flink-example.module.server.module.vpc_endpoint_sg.aws_security_group.this_name_prefix",
            "module.sqrl-aws-managed-flink-example.module.vpc.aws_vpc.this"
          ]
        }
      ]
    },
    {
      "module": "module.sqrl-aws-managed-flink-example.module.vpc",
      "mode": "managed",
      "type": "aws_default_network_acl",
      "name": "this",
      "provider": "module.sqrl-aws-managed-flink-example.provider[\"registry.terraform.io/hashicorp/aws\"]",
      "instances": [
        {
          "index_key": 0,
          "schema_version": 0,
          "attributes": {
            "arn": "arn:aws:ec2:us-east-1:286928876767:network-acl/acl-013ec16b7a43200e2",
            "default_network_acl_id": "acl-013ec16b7a43200e2",
            "egress": [
              {
                "action": "allow",
                "cidr_block": "",
                "from_port": 0,
                "icmp_code": null,
                "icmp_type": null,
                "ipv6_cidr_block": "::/0",
                "protocol": "-1",
                "rule_no": 101,
                "to_port": 0
              },
              {
                "action": "allow",
                "cidr_block": "0.0.0.0/0",
                "from_port": 0,
                "icmp_code": null,
                "icmp_type": null,
                "ipv6_cidr_block": "",
                "protocol": "-1",
                "rule_no": 100,
                "to_port": 0
              }
            ],
            "id": "acl-013ec16b7a43200e2",
            "ingress": [
              {
                "action": "allow",
                "cidr_block": "",
                "from_port": 0,
                "icmp_code": null,
                "icmp_type": null,
                "ipv6_cidr_block": "::/0",
                "protocol": "-1",
                "rule_no": 101,
                "to_port": 0
              },
              {
                "action": "allow",
                "cidr_block": "0.0.0.0/0",
                "from_port": 0,
                "icmp_code": null,
                "icmp_type": null,
                "ipv6_cidr_block": "",
                "protocol": "-1",
                "rule_no": 100,
                "to_port": 0
              }
            ],
            "owner_id": "286928876767",
            "subnet_ids": [
              "subnet-005b4b65f258f3f05",
              "subnet-05ed33e42344395b6",
              "subnet-06585936c86cf17c9",
              "subnet-0b6a28f7e4bdd08df",
              "subnet-0c1a1f2fbaab5c3ca",
              "subnet-0ec4a64cd6b025b08"
            ],
            "tags": {
              "Environment": "prd",
              "IacDeployment": "tf",
              "Name": "-default",
              "Project": "datasqrl"
            },
            "tags_all": {
              "Environment": "prd",
              "IacDeployment": "tf",
              "Name": "-default",
              "Project": "datasqrl"
            },
            "vpc_id": "vpc-0598d71fbff454725"
          },
          "sensitive_attributes": [],
          "private": "bnVsbA==",
          "dependencies": [
            "module.sqrl-aws-managed-flink-example.module.vpc.aws_vpc.this"
          ]
        }
      ]
    },
    {
      "module": "module.sqrl-aws-managed-flink-example.module.vpc",
      "mode": "managed",
      "type": "aws_default_route_table",
      "name": "default",
      "provider": "module.sqrl-aws-managed-flink-example.provider[\"registry.terraform.io/hashicorp/aws\"]",
      "instances": [
        {
          "index_key": 0,
          "schema_version": 0,
          "attributes": {
            "arn": "arn:aws:ec2:us-east-1:286928876767:route-table/rtb-0adcc026d7516b966",
            "default_route_table_id": "rtb-0adcc026d7516b966",
            "id": "rtb-0adcc026d7516b966",
            "owner_id": "286928876767",
            "propagating_vgws": null,
            "route": [],
            "tags": {
              "Environment": "prd",
              "IacDeployment": "tf",
              "Name": "-default",
              "Project": "datasqrl"
            },
            "tags_all": {
              "Environment": "prd",
              "IacDeployment": "tf",
              "Name": "-default",
              "Project": "datasqrl"
            },
            "timeouts": {
              "create": "5m",
              "update": "5m"
            },
            "vpc_id": "vpc-0598d71fbff454725"
          },
          "sensitive_attributes": [],
          "private": "eyJlMmJmYjczMC1lY2FhLTExZTYtOGY4OC0zNDM2M2JjN2M0YzAiOnsiY3JlYXRlIjozMDAwMDAwMDAwMDAsInVwZGF0ZSI6MzAwMDAwMDAwMDAwfX0=",
          "dependencies": [
            "module.sqrl-aws-managed-flink-example.module.vpc.aws_vpc.this"
          ]
        }
      ]
    },
    {
      "module": "module.sqrl-aws-managed-flink-example.module.vpc",
      "mode": "managed",
      "type": "aws_default_security_group",
      "name": "this",
      "provider": "module.sqrl-aws-managed-flink-example.provider[\"registry.terraform.io/hashicorp/aws\"]",
      "instances": [
        {
          "index_key": 0,
          "schema_version": 1,
          "attributes": {
            "arn": "arn:aws:ec2:us-east-1:286928876767:security-group/sg-0269143b1316143d0",
            "description": "default VPC security group",
            "egress": [],
            "id": "sg-0269143b1316143d0",
            "ingress": [],
            "name": "default",
            "name_prefix": "",
            "owner_id": "286928876767",
            "revoke_rules_on_delete": false,
            "tags": {
              "Environment": "prd",
              "IacDeployment": "tf",
              "Name": "-default",
              "Project": "datasqrl"
            },
            "tags_all": {
              "Environment": "prd",
              "IacDeployment": "tf",
              "Name": "-default",
              "Project": "datasqrl"
            },
            "vpc_id": "vpc-0598d71fbff454725"
          },
          "sensitive_attributes": [],
          "private": "eyJzY2hlbWFfdmVyc2lvbiI6IjEifQ==",
          "dependencies": [
            "module.sqrl-aws-managed-flink-example.module.vpc.aws_vpc.this"
          ]
        }
      ]
    },
    {
      "module": "module.sqrl-aws-managed-flink-example.module.vpc",
      "mode": "managed",
      "type": "aws_internet_gateway",
      "name": "this",
      "provider": "module.sqrl-aws-managed-flink-example.provider[\"registry.terraform.io/hashicorp/aws\"]",
      "instances": [
        {
          "index_key": 0,
          "schema_version": 0,
          "attributes": {
            "arn": "arn:aws:ec2:us-east-1:286928876767:internet-gateway/igw-0e83cae2a9a74df00",
            "id": "igw-0e83cae2a9a74df00",
            "owner_id": "286928876767",
            "tags": {
              "Environment": "prd",
              "IacDeployment": "tf",
              "Name": "",
              "Project": "datasqrl"
            },
            "tags_all": {
              "Environment": "prd",
              "IacDeployment": "tf",
              "Name": "",
              "Project": "datasqrl"
            },
            "timeouts": null,
            "vpc_id": "vpc-0598d71fbff454725"
          },
          "sensitive_attributes": [],
          "private": "eyJlMmJmYjczMC1lY2FhLTExZTYtOGY4OC0zNDM2M2JjN2M0YzAiOnsiY3JlYXRlIjoxMjAwMDAwMDAwMDAwLCJkZWxldGUiOjEyMDAwMDAwMDAwMDAsInVwZGF0ZSI6MTIwMDAwMDAwMDAwMH19",
          "dependencies": [
            "module.sqrl-aws-managed-flink-example.module.vpc.aws_vpc.this",
            "module.sqrl-aws-managed-flink-example.module.vpc.aws_vpc_ipv4_cidr_block_association.this"
          ]
        }
      ]
    },
    {
      "module": "module.sqrl-aws-managed-flink-example.module.vpc",
      "mode": "managed",
      "type": "aws_route",
      "name": "public_internet_gateway",
      "provider": "module.sqrl-aws-managed-flink-example.provider[\"registry.terraform.io/hashicorp/aws\"]",
      "instances": [
        {
          "index_key": 0,
          "schema_version": 0,
          "attributes": {
            "carrier_gateway_id": "",
            "core_network_arn": "",
            "destination_cidr_block": "0.0.0.0/0",
            "destination_ipv6_cidr_block": "",
            "destination_prefix_list_id": "",
            "egress_only_gateway_id": "",
            "gateway_id": "igw-0e83cae2a9a74df00",
            "id": "r-rtb-0ec7f8eaa414445c91080289494",
            "instance_id": "",
            "instance_owner_id": "",
            "local_gateway_id": "",
            "nat_gateway_id": "",
            "network_interface_id": "",
            "origin": "CreateRoute",
            "route_table_id": "rtb-0ec7f8eaa414445c9",
            "state": "active",
            "timeouts": {
              "create": "5m",
              "delete": null,
              "update": null
            },
            "transit_gateway_id": "",
            "vpc_endpoint_id": "",
            "vpc_peering_connection_id": ""
          },
          "sensitive_attributes": [],
          "private": "eyJlMmJmYjczMC1lY2FhLTExZTYtOGY4OC0zNDM2M2JjN2M0YzAiOnsiY3JlYXRlIjozMDAwMDAwMDAwMDAsImRlbGV0ZSI6MzAwMDAwMDAwMDAwLCJ1cGRhdGUiOjEyMDAwMDAwMDAwMH19",
          "dependencies": [
            "module.sqrl-aws-managed-flink-example.module.vpc.aws_internet_gateway.this",
            "module.sqrl-aws-managed-flink-example.module.vpc.aws_route_table.public",
            "module.sqrl-aws-managed-flink-example.module.vpc.aws_vpc.this",
            "module.sqrl-aws-managed-flink-example.module.vpc.aws_vpc_ipv4_cidr_block_association.this"
          ]
        }
      ]
    },
    {
      "module": "module.sqrl-aws-managed-flink-example.module.vpc",
      "mode": "managed",
      "type": "aws_route_table",
      "name": "private",
      "provider": "module.sqrl-aws-managed-flink-example.provider[\"registry.terraform.io/hashicorp/aws\"]",
      "instances": [
        {
          "index_key": 0,
          "schema_version": 0,
          "attributes": {
            "arn": "arn:aws:ec2:us-east-1:286928876767:route-table/rtb-05b2e716f5313baca",
            "id": "rtb-05b2e716f5313baca",
            "owner_id": "286928876767",
            "propagating_vgws": [],
            "route": [],
            "tags": {
              "Environment": "prd",
              "IacDeployment": "tf",
              "Name": "-private-us-east-1a",
              "Project": "datasqrl",
              "Tier": "private"
            },
            "tags_all": {
              "Environment": "prd",
              "IacDeployment": "tf",
              "Name": "-private-us-east-1a",
              "Project": "datasqrl",
              "Tier": "private"
            },
            "timeouts": null,
            "vpc_id": "vpc-0598d71fbff454725"
          },
          "sensitive_attributes": [],
          "private": "eyJlMmJmYjczMC1lY2FhLTExZTYtOGY4OC0zNDM2M2JjN2M0YzAiOnsiY3JlYXRlIjozMDAwMDAwMDAwMDAsImRlbGV0ZSI6MzAwMDAwMDAwMDAwLCJ1cGRhdGUiOjEyMDAwMDAwMDAwMH19",
          "dependencies": [
            "module.sqrl-aws-managed-flink-example.module.vpc.aws_vpc.this",
            "module.sqrl-aws-managed-flink-example.module.vpc.aws_vpc_ipv4_cidr_block_association.this"
          ]
        },
        {
          "index_key": 1,
          "schema_version": 0,
          "attributes": {
            "arn": "arn:aws:ec2:us-east-1:286928876767:route-table/rtb-0b1f7642f87617bdf",
            "id": "rtb-0b1f7642f87617bdf",
            "owner_id": "286928876767",
            "propagating_vgws": [],
            "route": [],
            "tags": {
              "Environment": "prd",
              "IacDeployment": "tf",
              "Name": "-private-us-east-1b",
              "Project": "datasqrl",
              "Tier": "private"
            },
            "tags_all": {
              "Environment": "prd",
              "IacDeployment": "tf",
              "Name": "-private-us-east-1b",
              "Project": "datasqrl",
              "Tier": "private"
            },
            "timeouts": null,
            "vpc_id": "vpc-0598d71fbff454725"
          },
          "sensitive_attributes": [],
          "private": "eyJlMmJmYjczMC1lY2FhLTExZTYtOGY4OC0zNDM2M2JjN2M0YzAiOnsiY3JlYXRlIjozMDAwMDAwMDAwMDAsImRlbGV0ZSI6MzAwMDAwMDAwMDAwLCJ1cGRhdGUiOjEyMDAwMDAwMDAwMH19",
          "dependencies": [
            "module.sqrl-aws-managed-flink-example.module.vpc.aws_vpc.this",
            "module.sqrl-aws-managed-flink-example.module.vpc.aws_vpc_ipv4_cidr_block_association.this"
          ]
        },
        {
          "index_key": 2,
          "schema_version": 0,
          "attributes": {
            "arn": "arn:aws:ec2:us-east-1:286928876767:route-table/rtb-00a008b54fdded77a",
            "id": "rtb-00a008b54fdded77a",
            "owner_id": "286928876767",
            "propagating_vgws": [],
            "route": [],
            "tags": {
              "Environment": "prd",
              "IacDeployment": "tf",
              "Name": "-private-us-east-1c",
              "Project": "datasqrl",
              "Tier": "private"
            },
            "tags_all": {
              "Environment": "prd",
              "IacDeployment": "tf",
              "Name": "-private-us-east-1c",
              "Project": "datasqrl",
              "Tier": "private"
            },
            "timeouts": null,
            "vpc_id": "vpc-0598d71fbff454725"
          },
          "sensitive_attributes": [],
          "private": "eyJlMmJmYjczMC1lY2FhLTExZTYtOGY4OC0zNDM2M2JjN2M0YzAiOnsiY3JlYXRlIjozMDAwMDAwMDAwMDAsImRlbGV0ZSI6MzAwMDAwMDAwMDAwLCJ1cGRhdGUiOjEyMDAwMDAwMDAwMH19",
          "dependencies": [
            "module.sqrl-aws-managed-flink-example.module.vpc.aws_vpc.this",
            "module.sqrl-aws-managed-flink-example.module.vpc.aws_vpc_ipv4_cidr_block_association.this"
          ]
        }
      ]
    },
    {
      "module": "module.sqrl-aws-managed-flink-example.module.vpc",
      "mode": "managed",
      "type": "aws_route_table",
      "name": "public",
      "provider": "module.sqrl-aws-managed-flink-example.provider[\"registry.terraform.io/hashicorp/aws\"]",
      "instances": [
        {
          "index_key": 0,
          "schema_version": 0,
          "attributes": {
            "arn": "arn:aws:ec2:us-east-1:286928876767:route-table/rtb-0ec7f8eaa414445c9",
            "id": "rtb-0ec7f8eaa414445c9",
            "owner_id": "286928876767",
            "propagating_vgws": [],
            "route": [],
            "tags": {
              "Environment": "prd",
              "IacDeployment": "tf",
              "Name": "-public",
              "Project": "datasqrl",
              "Tier": "public"
            },
            "tags_all": {
              "Environment": "prd",
              "IacDeployment": "tf",
              "Name": "-public",
              "Project": "datasqrl",
              "Tier": "public"
            },
            "timeouts": null,
            "vpc_id": "vpc-0598d71fbff454725"
          },
          "sensitive_attributes": [],
          "private": "eyJlMmJmYjczMC1lY2FhLTExZTYtOGY4OC0zNDM2M2JjN2M0YzAiOnsiY3JlYXRlIjozMDAwMDAwMDAwMDAsImRlbGV0ZSI6MzAwMDAwMDAwMDAwLCJ1cGRhdGUiOjEyMDAwMDAwMDAwMH19",
          "dependencies": [
            "module.sqrl-aws-managed-flink-example.module.vpc.aws_vpc.this",
            "module.sqrl-aws-managed-flink-example.module.vpc.aws_vpc_ipv4_cidr_block_association.this"
          ]
        }
      ]
    },
    {
      "module": "module.sqrl-aws-managed-flink-example.module.vpc",
      "mode": "managed",
      "type": "aws_route_table_association",
      "name": "private",
      "provider": "module.sqrl-aws-managed-flink-example.provider[\"registry.terraform.io/hashicorp/aws\"]",
      "instances": [
        {
          "index_key": 0,
          "schema_version": 0,
          "attributes": {
            "gateway_id": "",
            "id": "rtbassoc-0fe96fc3ac69efd47",
            "route_table_id": "rtb-05b2e716f5313baca",
            "subnet_id": "subnet-005b4b65f258f3f05",
            "timeouts": null
          },
          "sensitive_attributes": [],
          "private": "eyJlMmJmYjczMC1lY2FhLTExZTYtOGY4OC0zNDM2M2JjN2M0YzAiOnsiY3JlYXRlIjozMDAwMDAwMDAwMDAsImRlbGV0ZSI6MzAwMDAwMDAwMDAwLCJ1cGRhdGUiOjEyMDAwMDAwMDAwMH19",
          "dependencies": [
            "module.sqrl-aws-managed-flink-example.module.vpc.aws_route_table.private",
            "module.sqrl-aws-managed-flink-example.module.vpc.aws_subnet.private",
            "module.sqrl-aws-managed-flink-example.module.vpc.aws_vpc.this",
            "module.sqrl-aws-managed-flink-example.module.vpc.aws_vpc_ipv4_cidr_block_association.this"
          ]
        },
        {
          "index_key": 1,
          "schema_version": 0,
          "attributes": {
            "gateway_id": "",
            "id": "rtbassoc-0f39f580431d24902",
            "route_table_id": "rtb-0b1f7642f87617bdf",
            "subnet_id": "subnet-06585936c86cf17c9",
            "timeouts": null
          },
          "sensitive_attributes": [],
          "private": "eyJlMmJmYjczMC1lY2FhLTExZTYtOGY4OC0zNDM2M2JjN2M0YzAiOnsiY3JlYXRlIjozMDAwMDAwMDAwMDAsImRlbGV0ZSI6MzAwMDAwMDAwMDAwLCJ1cGRhdGUiOjEyMDAwMDAwMDAwMH19",
          "dependencies": [
            "module.sqrl-aws-managed-flink-example.module.vpc.aws_route_table.private",
            "module.sqrl-aws-managed-flink-example.module.vpc.aws_subnet.private",
            "module.sqrl-aws-managed-flink-example.module.vpc.aws_vpc.this",
            "module.sqrl-aws-managed-flink-example.module.vpc.aws_vpc_ipv4_cidr_block_association.this"
          ]
        },
        {
          "index_key": 2,
          "schema_version": 0,
          "attributes": {
            "gateway_id": "",
            "id": "rtbassoc-06d2ad8dd86f2e084",
            "route_table_id": "rtb-00a008b54fdded77a",
            "subnet_id": "subnet-05ed33e42344395b6",
            "timeouts": null
          },
          "sensitive_attributes": [],
          "private": "eyJlMmJmYjczMC1lY2FhLTExZTYtOGY4OC0zNDM2M2JjN2M0YzAiOnsiY3JlYXRlIjozMDAwMDAwMDAwMDAsImRlbGV0ZSI6MzAwMDAwMDAwMDAwLCJ1cGRhdGUiOjEyMDAwMDAwMDAwMH19",
          "dependencies": [
            "module.sqrl-aws-managed-flink-example.module.vpc.aws_route_table.private",
            "module.sqrl-aws-managed-flink-example.module.vpc.aws_subnet.private",
            "module.sqrl-aws-managed-flink-example.module.vpc.aws_vpc.this",
            "module.sqrl-aws-managed-flink-example.module.vpc.aws_vpc_ipv4_cidr_block_association.this"
          ]
        }
      ]
    },
    {
      "module": "module.sqrl-aws-managed-flink-example.module.vpc",
      "mode": "managed",
      "type": "aws_route_table_association",
      "name": "public",
      "provider": "module.sqrl-aws-managed-flink-example.provider[\"registry.terraform.io/hashicorp/aws\"]",
      "instances": [
        {
          "index_key": 0,
          "schema_version": 0,
          "attributes": {
            "gateway_id": "",
            "id": "rtbassoc-04857cf929f0f62e5",
            "route_table_id": "rtb-0ec7f8eaa414445c9",
            "subnet_id": "subnet-0b6a28f7e4bdd08df",
            "timeouts": null
          },
          "sensitive_attributes": [],
          "private": "eyJlMmJmYjczMC1lY2FhLTExZTYtOGY4OC0zNDM2M2JjN2M0YzAiOnsiY3JlYXRlIjozMDAwMDAwMDAwMDAsImRlbGV0ZSI6MzAwMDAwMDAwMDAwLCJ1cGRhdGUiOjEyMDAwMDAwMDAwMH19",
          "dependencies": [
            "module.sqrl-aws-managed-flink-example.module.vpc.aws_route_table.public",
            "module.sqrl-aws-managed-flink-example.module.vpc.aws_subnet.public",
            "module.sqrl-aws-managed-flink-example.module.vpc.aws_vpc.this",
            "module.sqrl-aws-managed-flink-example.module.vpc.aws_vpc_ipv4_cidr_block_association.this"
          ]
        },
        {
          "index_key": 1,
          "schema_version": 0,
          "attributes": {
            "gateway_id": "",
            "id": "rtbassoc-091c8c6b5ad13ad63",
            "route_table_id": "rtb-0ec7f8eaa414445c9",
            "subnet_id": "subnet-0c1a1f2fbaab5c3ca",
            "timeouts": null
          },
          "sensitive_attributes": [],
          "private": "eyJlMmJmYjczMC1lY2FhLTExZTYtOGY4OC0zNDM2M2JjN2M0YzAiOnsiY3JlYXRlIjozMDAwMDAwMDAwMDAsImRlbGV0ZSI6MzAwMDAwMDAwMDAwLCJ1cGRhdGUiOjEyMDAwMDAwMDAwMH19",
          "dependencies": [
            "module.sqrl-aws-managed-flink-example.module.vpc.aws_route_table.public",
            "module.sqrl-aws-managed-flink-example.module.vpc.aws_subnet.public",
            "module.sqrl-aws-managed-flink-example.module.vpc.aws_vpc.this",
            "module.sqrl-aws-managed-flink-example.module.vpc.aws_vpc_ipv4_cidr_block_association.this"
          ]
        },
        {
          "index_key": 2,
          "schema_version": 0,
          "attributes": {
            "gateway_id": "",
            "id": "rtbassoc-0af856af2dfc84244",
            "route_table_id": "rtb-0ec7f8eaa414445c9",
            "subnet_id": "subnet-0ec4a64cd6b025b08",
            "timeouts": null
          },
          "sensitive_attributes": [],
          "private": "eyJlMmJmYjczMC1lY2FhLTExZTYtOGY4OC0zNDM2M2JjN2M0YzAiOnsiY3JlYXRlIjozMDAwMDAwMDAwMDAsImRlbGV0ZSI6MzAwMDAwMDAwMDAwLCJ1cGRhdGUiOjEyMDAwMDAwMDAwMH19",
          "dependencies": [
            "module.sqrl-aws-managed-flink-example.module.vpc.aws_route_table.public",
            "module.sqrl-aws-managed-flink-example.module.vpc.aws_subnet.public",
            "module.sqrl-aws-managed-flink-example.module.vpc.aws_vpc.this",
            "module.sqrl-aws-managed-flink-example.module.vpc.aws_vpc_ipv4_cidr_block_association.this"
          ]
        }
      ]
    },
    {
      "module": "module.sqrl-aws-managed-flink-example.module.vpc",
      "mode": "managed",
      "type": "aws_subnet",
      "name": "private",
      "provider": "module.sqrl-aws-managed-flink-example.provider[\"registry.terraform.io/hashicorp/aws\"]",
      "instances": [
        {
          "index_key": 0,
          "schema_version": 1,
          "attributes": {
            "arn": "arn:aws:ec2:us-east-1:286928876767:subnet/subnet-005b4b65f258f3f05",
            "assign_ipv6_address_on_creation": false,
            "availability_zone": "us-east-1a",
            "availability_zone_id": "use1-az2",
            "cidr_block": "10.0.1.0/24",
            "customer_owned_ipv4_pool": "",
            "enable_dns64": false,
            "enable_lni_at_device_index": 0,
            "enable_resource_name_dns_a_record_on_launch": false,
            "enable_resource_name_dns_aaaa_record_on_launch": false,
            "id": "subnet-005b4b65f258f3f05",
            "ipv6_cidr_block": "",
            "ipv6_cidr_block_association_id": "",
            "ipv6_native": false,
            "map_customer_owned_ip_on_launch": false,
            "map_public_ip_on_launch": false,
            "outpost_arn": "",
            "owner_id": "286928876767",
            "private_dns_hostname_type_on_launch": "ip-name",
            "tags": {
              "Environment": "prd",
              "IacDeployment": "tf",
              "Name": "-private-us-east-1a",
              "Project": "datasqrl",
              "Tier": "private"
            },
            "tags_all": {
              "Environment": "prd",
              "IacDeployment": "tf",
              "Name": "-private-us-east-1a",
              "Project": "datasqrl",
              "Tier": "private"
            },
            "timeouts": null,
            "vpc_id": "vpc-0598d71fbff454725"
          },
          "sensitive_attributes": [],
          "private": "eyJlMmJmYjczMC1lY2FhLTExZTYtOGY4OC0zNDM2M2JjN2M0YzAiOnsiY3JlYXRlIjo2MDAwMDAwMDAwMDAsImRlbGV0ZSI6MTIwMDAwMDAwMDAwMH0sInNjaGVtYV92ZXJzaW9uIjoiMSJ9",
          "dependencies": [
            "module.sqrl-aws-managed-flink-example.module.vpc.aws_vpc.this",
            "module.sqrl-aws-managed-flink-example.module.vpc.aws_vpc_ipv4_cidr_block_association.this"
          ]
        },
        {
          "index_key": 1,
          "schema_version": 1,
          "attributes": {
            "arn": "arn:aws:ec2:us-east-1:286928876767:subnet/subnet-06585936c86cf17c9",
            "assign_ipv6_address_on_creation": false,
            "availability_zone": "us-east-1b",
            "availability_zone_id": "use1-az4",
            "cidr_block": "10.0.2.0/24",
            "customer_owned_ipv4_pool": "",
            "enable_dns64": false,
            "enable_lni_at_device_index": 0,
            "enable_resource_name_dns_a_record_on_launch": false,
            "enable_resource_name_dns_aaaa_record_on_launch": false,
            "id": "subnet-06585936c86cf17c9",
            "ipv6_cidr_block": "",
            "ipv6_cidr_block_association_id": "",
            "ipv6_native": false,
            "map_customer_owned_ip_on_launch": false,
            "map_public_ip_on_launch": false,
            "outpost_arn": "",
            "owner_id": "286928876767",
            "private_dns_hostname_type_on_launch": "ip-name",
            "tags": {
              "Environment": "prd",
              "IacDeployment": "tf",
              "Name": "-private-us-east-1b",
              "Project": "datasqrl",
              "Tier": "private"
            },
            "tags_all": {
              "Environment": "prd",
              "IacDeployment": "tf",
              "Name": "-private-us-east-1b",
              "Project": "datasqrl",
              "Tier": "private"
            },
            "timeouts": null,
            "vpc_id": "vpc-0598d71fbff454725"
          },
          "sensitive_attributes": [],
          "private": "eyJlMmJmYjczMC1lY2FhLTExZTYtOGY4OC0zNDM2M2JjN2M0YzAiOnsiY3JlYXRlIjo2MDAwMDAwMDAwMDAsImRlbGV0ZSI6MTIwMDAwMDAwMDAwMH0sInNjaGVtYV92ZXJzaW9uIjoiMSJ9",
          "dependencies": [
            "module.sqrl-aws-managed-flink-example.module.vpc.aws_vpc.this",
            "module.sqrl-aws-managed-flink-example.module.vpc.aws_vpc_ipv4_cidr_block_association.this"
          ]
        },
        {
          "index_key": 2,
          "schema_version": 1,
          "attributes": {
            "arn": "arn:aws:ec2:us-east-1:286928876767:subnet/subnet-05ed33e42344395b6",
            "assign_ipv6_address_on_creation": false,
            "availability_zone": "us-east-1c",
            "availability_zone_id": "use1-az6",
            "cidr_block": "10.0.3.0/24",
            "customer_owned_ipv4_pool": "",
            "enable_dns64": false,
            "enable_lni_at_device_index": 0,
            "enable_resource_name_dns_a_record_on_launch": false,
            "enable_resource_name_dns_aaaa_record_on_launch": false,
            "id": "subnet-05ed33e42344395b6",
            "ipv6_cidr_block": "",
            "ipv6_cidr_block_association_id": "",
            "ipv6_native": false,
            "map_customer_owned_ip_on_launch": false,
            "map_public_ip_on_launch": false,
            "outpost_arn": "",
            "owner_id": "286928876767",
            "private_dns_hostname_type_on_launch": "ip-name",
            "tags": {
              "Environment": "prd",
              "IacDeployment": "tf",
              "Name": "-private-us-east-1c",
              "Project": "datasqrl",
              "Tier": "private"
            },
            "tags_all": {
              "Environment": "prd",
              "IacDeployment": "tf",
              "Name": "-private-us-east-1c",
              "Project": "datasqrl",
              "Tier": "private"
            },
            "timeouts": null,
            "vpc_id": "vpc-0598d71fbff454725"
          },
          "sensitive_attributes": [],
          "private": "eyJlMmJmYjczMC1lY2FhLTExZTYtOGY4OC0zNDM2M2JjN2M0YzAiOnsiY3JlYXRlIjo2MDAwMDAwMDAwMDAsImRlbGV0ZSI6MTIwMDAwMDAwMDAwMH0sInNjaGVtYV92ZXJzaW9uIjoiMSJ9",
          "dependencies": [
            "module.sqrl-aws-managed-flink-example.module.vpc.aws_vpc.this",
            "module.sqrl-aws-managed-flink-example.module.vpc.aws_vpc_ipv4_cidr_block_association.this"
          ]
        }
      ]
    },
    {
      "module": "module.sqrl-aws-managed-flink-example.module.vpc",
      "mode": "managed",
      "type": "aws_subnet",
      "name": "public",
      "provider": "module.sqrl-aws-managed-flink-example.provider[\"registry.terraform.io/hashicorp/aws\"]",
      "instances": [
        {
          "index_key": 0,
          "schema_version": 1,
          "attributes": {
            "arn": "arn:aws:ec2:us-east-1:286928876767:subnet/subnet-0b6a28f7e4bdd08df",
            "assign_ipv6_address_on_creation": false,
            "availability_zone": "us-east-1a",
            "availability_zone_id": "use1-az2",
            "cidr_block": "10.0.101.0/24",
            "customer_owned_ipv4_pool": "",
            "enable_dns64": false,
            "enable_lni_at_device_index": 0,
            "enable_resource_name_dns_a_record_on_launch": false,
            "enable_resource_name_dns_aaaa_record_on_launch": false,
            "id": "subnet-0b6a28f7e4bdd08df",
            "ipv6_cidr_block": "",
            "ipv6_cidr_block_association_id": "",
            "ipv6_native": false,
            "map_customer_owned_ip_on_launch": false,
            "map_public_ip_on_launch": false,
            "outpost_arn": "",
            "owner_id": "286928876767",
            "private_dns_hostname_type_on_launch": "ip-name",
            "tags": {
              "Environment": "prd",
              "IacDeployment": "tf",
              "Name": "-public-us-east-1a",
              "Project": "datasqrl",
              "Tier": "public"
            },
            "tags_all": {
              "Environment": "prd",
              "IacDeployment": "tf",
              "Name": "-public-us-east-1a",
              "Project": "datasqrl",
              "Tier": "public"
            },
            "timeouts": null,
            "vpc_id": "vpc-0598d71fbff454725"
          },
          "sensitive_attributes": [],
          "private": "eyJlMmJmYjczMC1lY2FhLTExZTYtOGY4OC0zNDM2M2JjN2M0YzAiOnsiY3JlYXRlIjo2MDAwMDAwMDAwMDAsImRlbGV0ZSI6MTIwMDAwMDAwMDAwMH0sInNjaGVtYV92ZXJzaW9uIjoiMSJ9",
          "dependencies": [
            "module.sqrl-aws-managed-flink-example.module.vpc.aws_vpc.this",
            "module.sqrl-aws-managed-flink-example.module.vpc.aws_vpc_ipv4_cidr_block_association.this"
          ]
        },
        {
          "index_key": 1,
          "schema_version": 1,
          "attributes": {
            "arn": "arn:aws:ec2:us-east-1:286928876767:subnet/subnet-0c1a1f2fbaab5c3ca",
            "assign_ipv6_address_on_creation": false,
            "availability_zone": "us-east-1b",
            "availability_zone_id": "use1-az4",
            "cidr_block": "10.0.102.0/24",
            "customer_owned_ipv4_pool": "",
            "enable_dns64": false,
            "enable_lni_at_device_index": 0,
            "enable_resource_name_dns_a_record_on_launch": false,
            "enable_resource_name_dns_aaaa_record_on_launch": false,
            "id": "subnet-0c1a1f2fbaab5c3ca",
            "ipv6_cidr_block": "",
            "ipv6_cidr_block_association_id": "",
            "ipv6_native": false,
            "map_customer_owned_ip_on_launch": false,
            "map_public_ip_on_launch": false,
            "outpost_arn": "",
            "owner_id": "286928876767",
            "private_dns_hostname_type_on_launch": "ip-name",
            "tags": {
              "Environment": "prd",
              "IacDeployment": "tf",
              "Name": "-public-us-east-1b",
              "Project": "datasqrl",
              "Tier": "public"
            },
            "tags_all": {
              "Environment": "prd",
              "IacDeployment": "tf",
              "Name": "-public-us-east-1b",
              "Project": "datasqrl",
              "Tier": "public"
            },
            "timeouts": null,
            "vpc_id": "vpc-0598d71fbff454725"
          },
          "sensitive_attributes": [],
          "private": "eyJlMmJmYjczMC1lY2FhLTExZTYtOGY4OC0zNDM2M2JjN2M0YzAiOnsiY3JlYXRlIjo2MDAwMDAwMDAwMDAsImRlbGV0ZSI6MTIwMDAwMDAwMDAwMH0sInNjaGVtYV92ZXJzaW9uIjoiMSJ9",
          "dependencies": [
            "module.sqrl-aws-managed-flink-example.module.vpc.aws_vpc.this",
            "module.sqrl-aws-managed-flink-example.module.vpc.aws_vpc_ipv4_cidr_block_association.this"
          ]
        },
        {
          "index_key": 2,
          "schema_version": 1,
          "attributes": {
            "arn": "arn:aws:ec2:us-east-1:286928876767:subnet/subnet-0ec4a64cd6b025b08",
            "assign_ipv6_address_on_creation": false,
            "availability_zone": "us-east-1c",
            "availability_zone_id": "use1-az6",
            "cidr_block": "10.0.103.0/24",
            "customer_owned_ipv4_pool": "",
            "enable_dns64": false,
            "enable_lni_at_device_index": 0,
            "enable_resource_name_dns_a_record_on_launch": false,
            "enable_resource_name_dns_aaaa_record_on_launch": false,
            "id": "subnet-0ec4a64cd6b025b08",
            "ipv6_cidr_block": "",
            "ipv6_cidr_block_association_id": "",
            "ipv6_native": false,
            "map_customer_owned_ip_on_launch": false,
            "map_public_ip_on_launch": false,
            "outpost_arn": "",
            "owner_id": "286928876767",
            "private_dns_hostname_type_on_launch": "ip-name",
            "tags": {
              "Environment": "prd",
              "IacDeployment": "tf",
              "Name": "-public-us-east-1c",
              "Project": "datasqrl",
              "Tier": "public"
            },
            "tags_all": {
              "Environment": "prd",
              "IacDeployment": "tf",
              "Name": "-public-us-east-1c",
              "Project": "datasqrl",
              "Tier": "public"
            },
            "timeouts": null,
            "vpc_id": "vpc-0598d71fbff454725"
          },
          "sensitive_attributes": [],
          "private": "eyJlMmJmYjczMC1lY2FhLTExZTYtOGY4OC0zNDM2M2JjN2M0YzAiOnsiY3JlYXRlIjo2MDAwMDAwMDAwMDAsImRlbGV0ZSI6MTIwMDAwMDAwMDAwMH0sInNjaGVtYV92ZXJzaW9uIjoiMSJ9",
          "dependencies": [
            "module.sqrl-aws-managed-flink-example.module.vpc.aws_vpc.this",
            "module.sqrl-aws-managed-flink-example.module.vpc.aws_vpc_ipv4_cidr_block_association.this"
          ]
        }
      ]
    },
    {
      "module": "module.sqrl-aws-managed-flink-example.module.vpc",
      "mode": "managed",
      "type": "aws_vpc",
      "name": "this",
      "provider": "module.sqrl-aws-managed-flink-example.provider[\"registry.terraform.io/hashicorp/aws\"]",
      "instances": [
        {
          "index_key": 0,
          "schema_version": 1,
          "attributes": {
            "arn": "arn:aws:ec2:us-east-1:286928876767:vpc/vpc-0598d71fbff454725",
            "assign_generated_ipv6_cidr_block": false,
            "cidr_block": "10.0.0.0/16",
            "default_network_acl_id": "acl-013ec16b7a43200e2",
            "default_route_table_id": "rtb-0adcc026d7516b966",
            "default_security_group_id": "sg-0269143b1316143d0",
            "dhcp_options_id": "dopt-04e8772528a48a583",
            "enable_dns_hostnames": true,
            "enable_dns_support": true,
            "enable_network_address_usage_metrics": false,
            "id": "vpc-0598d71fbff454725",
            "instance_tenancy": "default",
            "ipv4_ipam_pool_id": null,
            "ipv4_netmask_length": null,
            "ipv6_association_id": "",
            "ipv6_cidr_block": "",
            "ipv6_cidr_block_network_border_group": "",
            "ipv6_ipam_pool_id": "",
            "ipv6_netmask_length": 0,
            "main_route_table_id": "rtb-0adcc026d7516b966",
            "owner_id": "286928876767",
            "tags": {
              "Environment": "prd",
              "IacDeployment": "tf",
              "Name": "",
              "Project": "datasqrl"
            },
            "tags_all": {
              "Environment": "prd",
              "IacDeployment": "tf",
              "Name": "",
              "Project": "datasqrl"
            }
          },
          "sensitive_attributes": [],
          "private": "eyJzY2hlbWFfdmVyc2lvbiI6IjEifQ==",
          "create_before_destroy": true
        }
      ]
    }
  ],
  "check_results": null
}
